// !$*UTF8*$!
{
	archiveVersion = 1;
	classes = {
	};
	objectVersion = 46;
	objects = {

/* Begin PBXBuildFile section */
		A62A41ED15C0611500959355 /* SFCoreDataManager.m in Sources */ = {isa = PBXBuildFile; fileRef = A62A41EC15C0611500959355 /* SFCoreDataManager.m */; };
		A6408C6615BDCDDD001AF716 /* SFTableShelfViewController.m in Sources */ = {isa = PBXBuildFile; fileRef = A6408C6515BDCDDD001AF716 /* SFTableShelfViewController.m */; };
		A64E732E15C3ABD7003464FE /* SFShelf.m in Sources */ = {isa = PBXBuildFile; fileRef = A64E732D15C3ABD7003464FE /* SFShelf.m */; };
		A64E733E15C3B922003464FE /* SFGridShelfViewController.m in Sources */ = {isa = PBXBuildFile; fileRef = A64E733D15C3B922003464FE /* SFGridShelfViewController.m */; };
		A64E749B15C3C1E5003464FE /* SFShelfBookView.m in Sources */ = {isa = PBXBuildFile; fileRef = A64E749A15C3C1E5003464FE /* SFShelfBookView.m */; };
		A64E749E15C3C1FE003464FE /* SFShelfRowView.m in Sources */ = {isa = PBXBuildFile; fileRef = A64E749D15C3C1FE003464FE /* SFShelfRowView.m */; };
		A64E74A115C3C437003464FE /* checkmark.png in Resources */ = {isa = PBXBuildFile; fileRef = A64E749F15C3C437003464FE /* checkmark.png */; };
		A64E74A215C3C437003464FE /* checkmark@2x.png in Resources */ = {isa = PBXBuildFile; fileRef = A64E74A015C3C437003464FE /* checkmark@2x.png */; };
		A64E74A715C3D1E7003464FE /* navbarbg.png in Resources */ = {isa = PBXBuildFile; fileRef = A64E74A315C3D1E7003464FE /* navbarbg.png */; };
		A64E74A815C3D1E7003464FE /* navbarbg@2x.png in Resources */ = {isa = PBXBuildFile; fileRef = A64E74A415C3D1E7003464FE /* navbarbg@2x.png */; };
		A64E74A915C3D1E7003464FE /* toolbarbg.png in Resources */ = {isa = PBXBuildFile; fileRef = A64E74A515C3D1E7003464FE /* toolbarbg.png */; };
		A64E74AA15C3D1E7003464FE /* toolbarbg@2x.png in Resources */ = {isa = PBXBuildFile; fileRef = A64E74A615C3D1E7003464FE /* toolbarbg@2x.png */; };
		A64E74AD15C3D6E3003464FE /* shelfbg.png in Resources */ = {isa = PBXBuildFile; fileRef = A64E74AB15C3D6E3003464FE /* shelfbg.png */; };
		A64E74AE15C3D6E3003464FE /* shelfbg@2x.png in Resources */ = {isa = PBXBuildFile; fileRef = A64E74AC15C3D6E3003464FE /* shelfbg@2x.png */; };
		A64E74B115C3D720003464FE /* barbg.png in Resources */ = {isa = PBXBuildFile; fileRef = A64E74AF15C3D720003464FE /* barbg.png */; };
		A64E74B215C3D720003464FE /* barbg@2x.png in Resources */ = {isa = PBXBuildFile; fileRef = A64E74B015C3D720003464FE /* barbg@2x.png */; };
		A64E74B615C3E3CC003464FE /* book.png in Resources */ = {isa = PBXBuildFile; fileRef = A64E74B415C3E3CC003464FE /* book.png */; };
		A64E74B715C3E3CC003464FE /* book@2x.png in Resources */ = {isa = PBXBuildFile; fileRef = A64E74B515C3E3CC003464FE /* book@2x.png */; };
		A64E74B915C41329003464FE /* icon57x57.png in Resources */ = {isa = PBXBuildFile; fileRef = A64E74B815C41328003464FE /* icon57x57.png */; };
		A64E74BB15C41354003464FE /* icon57x57x@2x.png in Resources */ = {isa = PBXBuildFile; fileRef = A64E74BA15C41354003464FE /* icon57x57x@2x.png */; };
		A64E74BD15C41519003464FE /* Default.png in Resources */ = {isa = PBXBuildFile; fileRef = A64E74BC15C41519003464FE /* Default.png */; };
		A64E74BF15C4151B003464FE /* Default@2x.png in Resources */ = {isa = PBXBuildFile; fileRef = A64E74BE15C4151B003464FE /* Default@2x.png */; };
		A680D1D3162A7DC50088FEB6 /* MainStoryboard_iPhone.storyboard in Resources */ = {isa = PBXBuildFile; fileRef = A680D1D2162A7DC50088FEB6 /* MainStoryboard_iPhone.storyboard */; };
		A680D2E1162A8B2B0088FEB6 /* libzbar.a in Frameworks */ = {isa = PBXBuildFile; fileRef = A680D2DA162A8B2B0088FEB6 /* libzbar.a */; };
		A680D2E2162A8B2B0088FEB6 /* zbar-back.png in Resources */ = {isa = PBXBuildFile; fileRef = A680D2DC162A8B2B0088FEB6 /* zbar-back.png */; };
		A680D2E3162A8B2B0088FEB6 /* zbar-help.html in Resources */ = {isa = PBXBuildFile; fileRef = A680D2DD162A8B2B0088FEB6 /* zbar-help.html */; };
		A680D2E4162A8B2B0088FEB6 /* zbar-helpicons.png in Resources */ = {isa = PBXBuildFile; fileRef = A680D2DE162A8B2B0088FEB6 /* zbar-helpicons.png */; };
		A680D2E5162A8B2B0088FEB6 /* zbar-samples.png in Resources */ = {isa = PBXBuildFile; fileRef = A680D2DF162A8B2B0088FEB6 /* zbar-samples.png */; };
		A680D36F162A94EB0088FEB6 /* TDBadgedCell.m in Sources */ = {isa = PBXBuildFile; fileRef = A680D36E162A94EB0088FEB6 /* TDBadgedCell.m */; };
		A680D380162A95450088FEB6 /* SVPullToRefresh.m in Sources */ = {isa = PBXBuildFile; fileRef = A680D37E162A953C0088FEB6 /* SVPullToRefresh.m */; };
		A680D381162A95500088FEB6 /* R9HTTPRequest.m in Sources */ = {isa = PBXBuildFile; fileRef = A680D37A162A95310088FEB6 /* R9HTTPRequest.m */; };
		A680D386162A955A0088FEB6 /* SVProgressHUD.bundle in Resources */ = {isa = PBXBuildFile; fileRef = A680D383162A955A0088FEB6 /* SVProgressHUD.bundle */; };
		A680D387162A955A0088FEB6 /* SVProgressHUD.m in Sources */ = {isa = PBXBuildFile; fileRef = A680D385162A955A0088FEB6 /* SVProgressHUD.m */; };
		A680D392162A956F0088FEB6 /* GSBookShelfView.m in Sources */ = {isa = PBXBuildFile; fileRef = A680D38A162A956E0088FEB6 /* GSBookShelfView.m */; };
		A680D393162A956F0088FEB6 /* GSBookViewContainerView.m in Sources */ = {isa = PBXBuildFile; fileRef = A680D38D162A956E0088FEB6 /* GSBookViewContainerView.m */; };
		A680D394162A956F0088FEB6 /* GSCellContainerView.m in Sources */ = {isa = PBXBuildFile; fileRef = A680D38F162A956F0088FEB6 /* GSCellContainerView.m */; };
		A680D395162A956F0088FEB6 /* NSMutableArray+Rearrange.m in Sources */ = {isa = PBXBuildFile; fileRef = A680D391162A956F0088FEB6 /* NSMutableArray+Rearrange.m */; };
		A685A2BC15BC370C000A1AD5 /* libiconv.dylib in Frameworks */ = {isa = PBXBuildFile; fileRef = A685A2B915BC36E3000A1AD5 /* libiconv.dylib */; };
		A6A4A9AB15CEBBC9007EFB0E /* SFEditableCell.m in Sources */ = {isa = PBXBuildFile; fileRef = A6A4A9AA15CEBBC9007EFB0E /* SFEditableCell.m */; };
		A6A4A9B615CECC51007EFB0E /* SFTextFieldInTableView.m in Sources */ = {isa = PBXBuildFile; fileRef = A6A4A9B515CECC51007EFB0E /* SFTextFieldInTableView.m */; };
		A6A9CB1C15BC274600C02AD5 /* SFShelfViewController.m in Sources */ = {isa = PBXBuildFile; fileRef = A6A9CB1B15BC274600C02AD5 /* SFShelfViewController.m */; };
		A6A9CB3215BC31EE00C02AD5 /* Sheffle.xcdatamodeld in Sources */ = {isa = PBXBuildFile; fileRef = A6A9CB2C15BC31EE00C02AD5 /* Sheffle.xcdatamodeld */; };
		A6ACA14215ECE48900F11A67 /* SFShelfListViewController.m in Sources */ = {isa = PBXBuildFile; fileRef = A6ACA14115ECE48900F11A67 /* SFShelfListViewController.m */; };
		A6B9988415B98D1100D0919C /* UIKit.framework in Frameworks */ = {isa = PBXBuildFile; fileRef = A6B9988315B98D1100D0919C /* UIKit.framework */; };
		A6B9988615B98D1200D0919C /* Foundation.framework in Frameworks */ = {isa = PBXBuildFile; fileRef = A6B9988515B98D1100D0919C /* Foundation.framework */; };
		A6B9988815B98D1200D0919C /* CoreGraphics.framework in Frameworks */ = {isa = PBXBuildFile; fileRef = A6B9988715B98D1200D0919C /* CoreGraphics.framework */; };
		A6B9988E15B98D1200D0919C /* InfoPlist.strings in Resources */ = {isa = PBXBuildFile; fileRef = A6B9988C15B98D1200D0919C /* InfoPlist.strings */; };
		A6B9989015B98D1200D0919C /* main.m in Sources */ = {isa = PBXBuildFile; fileRef = A6B9988F15B98D1200D0919C /* main.m */; };
		A6B9989415B98D1200D0919C /* SFAppDelegate.m in Sources */ = {isa = PBXBuildFile; fileRef = A6B9989315B98D1200D0919C /* SFAppDelegate.m */; };
		A6B998AD15B98D1200D0919C /* SenTestingKit.framework in Frameworks */ = {isa = PBXBuildFile; fileRef = A6B998AC15B98D1200D0919C /* SenTestingKit.framework */; };
		A6B998AE15B98D1200D0919C /* UIKit.framework in Frameworks */ = {isa = PBXBuildFile; fileRef = A6B9988315B98D1100D0919C /* UIKit.framework */; };
		A6B998AF15B98D1200D0919C /* Foundation.framework in Frameworks */ = {isa = PBXBuildFile; fileRef = A6B9988515B98D1100D0919C /* Foundation.framework */; };
		A6B998B715B98D1200D0919C /* InfoPlist.strings in Resources */ = {isa = PBXBuildFile; fileRef = A6B998B515B98D1200D0919C /* InfoPlist.strings */; };
		A6B998BA15B98D1200D0919C /* SheffleTests.m in Sources */ = {isa = PBXBuildFile; fileRef = A6B998B915B98D1200D0919C /* SheffleTests.m */; };
		A6B998C815B993BC00D0919C /* CoreData.framework in Frameworks */ = {isa = PBXBuildFile; fileRef = A6B998C715B993BC00D0919C /* CoreData.framework */; };
		A6B998F115B9956900D0919C /* AVFoundation.framework in Frameworks */ = {isa = PBXBuildFile; fileRef = A6B998F015B9956900D0919C /* AVFoundation.framework */; };
		A6B998F315B9957500D0919C /* CoreVideo.framework in Frameworks */ = {isa = PBXBuildFile; fileRef = A6B998F215B9957500D0919C /* CoreVideo.framework */; };
		A6B998F715B9958800D0919C /* QuartzCore.framework in Frameworks */ = {isa = PBXBuildFile; fileRef = A6B998F615B9958800D0919C /* QuartzCore.framework */; };
		A6B998F915B995A500D0919C /* CoreMedia.framework in Frameworks */ = {isa = PBXBuildFile; fileRef = A6B998F815B995A500D0919C /* CoreMedia.framework */; };
		A6D0916A15C5A07400B128C8 /* SFBook.m in Sources */ = {isa = PBXBuildFile; fileRef = A6D0916915C5A07400B128C8 /* SFBook.m */; };
		A6D0917315C5B0A400B128C8 /* SFBookViewController.m in Sources */ = {isa = PBXBuildFile; fileRef = A6D0917115C5B0A400B128C8 /* SFBookViewController.m */; };
		A6F5CD4B15CE613F00AEC20C /* SFShelf+SortedBooks.m in Sources */ = {isa = PBXBuildFile; fileRef = A6F5CD4A15CE613E00AEC20C /* SFShelf+SortedBooks.m */; };
		A6F5CD4E15CE62BB00AEC20C /* SFShelvesViewController.m in Sources */ = {isa = PBXBuildFile; fileRef = A6F5CD4D15CE62BB00AEC20C /* SFShelvesViewController.m */; };
/* End PBXBuildFile section */

/* Begin PBXContainerItemProxy section */
		A680D377162A94F80088FEB6 /* PBXContainerItemProxy */ = {
			isa = PBXContainerItemProxy;
			containerPortal = A680D370162A94F70088FEB6 /* SBJson.xcodeproj */;
			proxyType = 2;
			remoteGlobalIDString = A680D201162A85E40088FEB6;
			remoteInfo = SBJson;
		};
		A6B998B015B98D1200D0919C /* PBXContainerItemProxy */ = {
			isa = PBXContainerItemProxy;
			containerPortal = A6B9987615B98D1100D0919C /* Project object */;
			proxyType = 1;
			remoteGlobalIDString = A6B9987E15B98D1100D0919C;
			remoteInfo = Sheffle;
		};
/* End PBXContainerItemProxy section */

/* Begin PBXFileReference section */
		A62A41EB15C0611400959355 /* SFCoreDataManager.h */ = {isa = PBXFileReference; fileEncoding = 4; lastKnownFileType = sourcecode.c.h; name = SFCoreDataManager.h; path = Sheffle/SFCoreDataManager.h; sourceTree = "<group>"; };
		A62A41EC15C0611500959355 /* SFCoreDataManager.m */ = {isa = PBXFileReference; fileEncoding = 4; lastKnownFileType = sourcecode.c.objc; name = SFCoreDataManager.m; path = Sheffle/SFCoreDataManager.m; sourceTree = "<group>"; };
		A6408C6415BDCDDD001AF716 /* SFTableShelfViewController.h */ = {isa = PBXFileReference; fileEncoding = 4; lastKnownFileType = sourcecode.c.h; path = SFTableShelfViewController.h; sourceTree = "<group>"; };
		A6408C6515BDCDDD001AF716 /* SFTableShelfViewController.m */ = {isa = PBXFileReference; fileEncoding = 4; lastKnownFileType = sourcecode.c.objc; path = SFTableShelfViewController.m; sourceTree = "<group>"; };
		A64E732C15C3ABD7003464FE /* SFShelf.h */ = {isa = PBXFileReference; fileEncoding = 4; lastKnownFileType = sourcecode.c.h; name = SFShelf.h; path = Sheffle/SFShelf.h; sourceTree = "<group>"; };
		A64E732D15C3ABD7003464FE /* SFShelf.m */ = {isa = PBXFileReference; fileEncoding = 4; lastKnownFileType = sourcecode.c.objc; name = SFShelf.m; path = Sheffle/SFShelf.m; sourceTree = "<group>"; };
		A64E733C15C3B922003464FE /* SFGridShelfViewController.h */ = {isa = PBXFileReference; fileEncoding = 4; lastKnownFileType = sourcecode.c.h; path = SFGridShelfViewController.h; sourceTree = "<group>"; };
		A64E733D15C3B922003464FE /* SFGridShelfViewController.m */ = {isa = PBXFileReference; fileEncoding = 4; lastKnownFileType = sourcecode.c.objc; path = SFGridShelfViewController.m; sourceTree = "<group>"; };
		A64E749915C3C1E5003464FE /* SFShelfBookView.h */ = {isa = PBXFileReference; fileEncoding = 4; lastKnownFileType = sourcecode.c.h; path = SFShelfBookView.h; sourceTree = "<group>"; };
		A64E749A15C3C1E5003464FE /* SFShelfBookView.m */ = {isa = PBXFileReference; fileEncoding = 4; lastKnownFileType = sourcecode.c.objc; path = SFShelfBookView.m; sourceTree = "<group>"; };
		A64E749C15C3C1FE003464FE /* SFShelfRowView.h */ = {isa = PBXFileReference; fileEncoding = 4; lastKnownFileType = sourcecode.c.h; path = SFShelfRowView.h; sourceTree = "<group>"; };
		A64E749D15C3C1FE003464FE /* SFShelfRowView.m */ = {isa = PBXFileReference; fileEncoding = 4; lastKnownFileType = sourcecode.c.objc; path = SFShelfRowView.m; sourceTree = "<group>"; };
		A64E749F15C3C437003464FE /* checkmark.png */ = {isa = PBXFileReference; lastKnownFileType = image.png; path = checkmark.png; sourceTree = "<group>"; };
		A64E74A015C3C437003464FE /* checkmark@2x.png */ = {isa = PBXFileReference; lastKnownFileType = image.png; path = "checkmark@2x.png"; sourceTree = "<group>"; };
		A64E74A315C3D1E7003464FE /* navbarbg.png */ = {isa = PBXFileReference; lastKnownFileType = image.png; path = navbarbg.png; sourceTree = "<group>"; };
		A64E74A415C3D1E7003464FE /* navbarbg@2x.png */ = {isa = PBXFileReference; lastKnownFileType = image.png; path = "navbarbg@2x.png"; sourceTree = "<group>"; };
		A64E74A515C3D1E7003464FE /* toolbarbg.png */ = {isa = PBXFileReference; lastKnownFileType = image.png; path = toolbarbg.png; sourceTree = "<group>"; };
		A64E74A615C3D1E7003464FE /* toolbarbg@2x.png */ = {isa = PBXFileReference; lastKnownFileType = image.png; path = "toolbarbg@2x.png"; sourceTree = "<group>"; };
		A64E74AB15C3D6E3003464FE /* shelfbg.png */ = {isa = PBXFileReference; lastKnownFileType = image.png; path = shelfbg.png; sourceTree = "<group>"; };
		A64E74AC15C3D6E3003464FE /* shelfbg@2x.png */ = {isa = PBXFileReference; lastKnownFileType = image.png; path = "shelfbg@2x.png"; sourceTree = "<group>"; };
		A64E74AF15C3D720003464FE /* barbg.png */ = {isa = PBXFileReference; lastKnownFileType = image.png; path = barbg.png; sourceTree = "<group>"; };
		A64E74B015C3D720003464FE /* barbg@2x.png */ = {isa = PBXFileReference; lastKnownFileType = image.png; path = "barbg@2x.png"; sourceTree = "<group>"; };
		A64E74B415C3E3CC003464FE /* book.png */ = {isa = PBXFileReference; lastKnownFileType = image.png; path = book.png; sourceTree = "<group>"; };
		A64E74B515C3E3CC003464FE /* book@2x.png */ = {isa = PBXFileReference; lastKnownFileType = image.png; path = "book@2x.png"; sourceTree = "<group>"; };
		A64E74B815C41328003464FE /* icon57x57.png */ = {isa = PBXFileReference; lastKnownFileType = image.png; name = icon57x57.png; path = ../icon57x57.png; sourceTree = "<group>"; };
		A64E74BA15C41354003464FE /* icon57x57x@2x.png */ = {isa = PBXFileReference; lastKnownFileType = image.png; name = "icon57x57x@2x.png"; path = "../icon57x57x@2x.png"; sourceTree = "<group>"; };
		A64E74BC15C41519003464FE /* Default.png */ = {isa = PBXFileReference; lastKnownFileType = image.png; name = Default.png; path = ../Default.png; sourceTree = "<group>"; };
		A64E74BE15C4151B003464FE /* Default@2x.png */ = {isa = PBXFileReference; lastKnownFileType = image.png; name = "Default@2x.png"; path = "../Default@2x.png"; sourceTree = "<group>"; };
		A680D1D2162A7DC50088FEB6 /* MainStoryboard_iPhone.storyboard */ = {isa = PBXFileReference; fileEncoding = 4; lastKnownFileType = file.storyboard; path = MainStoryboard_iPhone.storyboard; sourceTree = "<group>"; };
		A680D2C6162A8B2B0088FEB6 /* Decoder.h */ = {isa = PBXFileReference; fileEncoding = 4; lastKnownFileType = sourcecode.c.h; path = Decoder.h; sourceTree = "<group>"; };
		A680D2C7162A8B2B0088FEB6 /* Exception.h */ = {isa = PBXFileReference; fileEncoding = 4; lastKnownFileType = sourcecode.c.h; path = Exception.h; sourceTree = "<group>"; };
		A680D2C8162A8B2B0088FEB6 /* Image.h */ = {isa = PBXFileReference; fileEncoding = 4; lastKnownFileType = sourcecode.c.h; path = Image.h; sourceTree = "<group>"; };
		A680D2C9162A8B2B0088FEB6 /* ImageScanner.h */ = {isa = PBXFileReference; fileEncoding = 4; lastKnownFileType = sourcecode.c.h; path = ImageScanner.h; sourceTree = "<group>"; };
		A680D2CA162A8B2B0088FEB6 /* Processor.h */ = {isa = PBXFileReference; fileEncoding = 4; lastKnownFileType = sourcecode.c.h; path = Processor.h; sourceTree = "<group>"; };
		A680D2CB162A8B2B0088FEB6 /* Scanner.h */ = {isa = PBXFileReference; fileEncoding = 4; lastKnownFileType = sourcecode.c.h; path = Scanner.h; sourceTree = "<group>"; };
		A680D2CC162A8B2B0088FEB6 /* Symbol.h */ = {isa = PBXFileReference; fileEncoding = 4; lastKnownFileType = sourcecode.c.h; path = Symbol.h; sourceTree = "<group>"; };
		A680D2CD162A8B2B0088FEB6 /* Video.h */ = {isa = PBXFileReference; fileEncoding = 4; lastKnownFileType = sourcecode.c.h; path = Video.h; sourceTree = "<group>"; };
		A680D2CE162A8B2B0088FEB6 /* Window.h */ = {isa = PBXFileReference; fileEncoding = 4; lastKnownFileType = sourcecode.c.h; path = Window.h; sourceTree = "<group>"; };
		A680D2CF162A8B2B0088FEB6 /* zbar.h */ = {isa = PBXFileReference; fileEncoding = 4; lastKnownFileType = sourcecode.c.h; path = zbar.h; sourceTree = "<group>"; };
		A680D2D0162A8B2B0088FEB6 /* ZBarCameraSimulator.h */ = {isa = PBXFileReference; fileEncoding = 4; lastKnownFileType = sourcecode.c.h; path = ZBarCameraSimulator.h; sourceTree = "<group>"; };
		A680D2D1162A8B2B0088FEB6 /* ZBarCaptureReader.h */ = {isa = PBXFileReference; fileEncoding = 4; lastKnownFileType = sourcecode.c.h; path = ZBarCaptureReader.h; sourceTree = "<group>"; };
		A680D2D2162A8B2B0088FEB6 /* ZBarHelpController.h */ = {isa = PBXFileReference; fileEncoding = 4; lastKnownFileType = sourcecode.c.h; path = ZBarHelpController.h; sourceTree = "<group>"; };
		A680D2D3162A8B2B0088FEB6 /* ZBarImage.h */ = {isa = PBXFileReference; fileEncoding = 4; lastKnownFileType = sourcecode.c.h; path = ZBarImage.h; sourceTree = "<group>"; };
		A680D2D4162A8B2B0088FEB6 /* ZBarImageScanner.h */ = {isa = PBXFileReference; fileEncoding = 4; lastKnownFileType = sourcecode.c.h; path = ZBarImageScanner.h; sourceTree = "<group>"; };
		A680D2D5162A8B2B0088FEB6 /* ZBarReaderController.h */ = {isa = PBXFileReference; fileEncoding = 4; lastKnownFileType = sourcecode.c.h; path = ZBarReaderController.h; sourceTree = "<group>"; };
		A680D2D6162A8B2B0088FEB6 /* ZBarReaderView.h */ = {isa = PBXFileReference; fileEncoding = 4; lastKnownFileType = sourcecode.c.h; path = ZBarReaderView.h; sourceTree = "<group>"; };
		A680D2D7162A8B2B0088FEB6 /* ZBarReaderViewController.h */ = {isa = PBXFileReference; fileEncoding = 4; lastKnownFileType = sourcecode.c.h; path = ZBarReaderViewController.h; sourceTree = "<group>"; };
		A680D2D8162A8B2B0088FEB6 /* ZBarSDK.h */ = {isa = PBXFileReference; fileEncoding = 4; lastKnownFileType = sourcecode.c.h; path = ZBarSDK.h; sourceTree = "<group>"; };
		A680D2D9162A8B2B0088FEB6 /* ZBarSymbol.h */ = {isa = PBXFileReference; fileEncoding = 4; lastKnownFileType = sourcecode.c.h; path = ZBarSymbol.h; sourceTree = "<group>"; };
		A680D2DA162A8B2B0088FEB6 /* libzbar.a */ = {isa = PBXFileReference; lastKnownFileType = archive.ar; path = libzbar.a; sourceTree = "<group>"; };
		A680D2DC162A8B2B0088FEB6 /* zbar-back.png */ = {isa = PBXFileReference; lastKnownFileType = image.png; path = "zbar-back.png"; sourceTree = "<group>"; };
		A680D2DD162A8B2B0088FEB6 /* zbar-help.html */ = {isa = PBXFileReference; fileEncoding = 4; lastKnownFileType = text.html; path = "zbar-help.html"; sourceTree = "<group>"; };
		A680D2DE162A8B2B0088FEB6 /* zbar-helpicons.png */ = {isa = PBXFileReference; lastKnownFileType = image.png; path = "zbar-helpicons.png"; sourceTree = "<group>"; };
		A680D2DF162A8B2B0088FEB6 /* zbar-samples.png */ = {isa = PBXFileReference; lastKnownFileType = image.png; path = "zbar-samples.png"; sourceTree = "<group>"; };
		A680D36D162A94EB0088FEB6 /* TDBadgedCell.h */ = {isa = PBXFileReference; fileEncoding = 4; lastKnownFileType = sourcecode.c.h; path = TDBadgedCell.h; sourceTree = "<group>"; };
		A680D36E162A94EB0088FEB6 /* TDBadgedCell.m */ = {isa = PBXFileReference; fileEncoding = 4; lastKnownFileType = sourcecode.c.objc; path = TDBadgedCell.m; sourceTree = "<group>"; };
		A680D370162A94F70088FEB6 /* SBJson.xcodeproj */ = {isa = PBXFileReference; lastKnownFileType = "wrapper.pb-project"; name = SBJson.xcodeproj; path = Dependencies/SBJson/SBJson.xcodeproj; sourceTree = "<group>"; };
		A680D379162A95310088FEB6 /* R9HTTPRequest.h */ = {isa = PBXFileReference; fileEncoding = 4; lastKnownFileType = sourcecode.c.h; name = R9HTTPRequest.h; path = Modules/R9HTTPRequest/R9HTTPRequest/R9HTTPRequest.h; sourceTree = "<group>"; };
		A680D37A162A95310088FEB6 /* R9HTTPRequest.m */ = {isa = PBXFileReference; fileEncoding = 4; lastKnownFileType = sourcecode.c.objc; name = R9HTTPRequest.m; path = Modules/R9HTTPRequest/R9HTTPRequest/R9HTTPRequest.m; sourceTree = "<group>"; };
		A680D37D162A953C0088FEB6 /* SVPullToRefresh.h */ = {isa = PBXFileReference; fileEncoding = 4; lastKnownFileType = sourcecode.c.h; path = SVPullToRefresh.h; sourceTree = "<group>"; };
		A680D37E162A953C0088FEB6 /* SVPullToRefresh.m */ = {isa = PBXFileReference; fileEncoding = 4; lastKnownFileType = sourcecode.c.objc; path = SVPullToRefresh.m; sourceTree = "<group>"; };
		A680D383162A955A0088FEB6 /* SVProgressHUD.bundle */ = {isa = PBXFileReference; lastKnownFileType = "wrapper.plug-in"; path = SVProgressHUD.bundle; sourceTree = "<group>"; };
		A680D384162A955A0088FEB6 /* SVProgressHUD.h */ = {isa = PBXFileReference; fileEncoding = 4; lastKnownFileType = sourcecode.c.h; path = SVProgressHUD.h; sourceTree = "<group>"; };
		A680D385162A955A0088FEB6 /* SVProgressHUD.m */ = {isa = PBXFileReference; fileEncoding = 4; lastKnownFileType = sourcecode.c.objc; path = SVProgressHUD.m; sourceTree = "<group>"; };
		A680D388162A956E0088FEB6 /* GSBookShelfCell.h */ = {isa = PBXFileReference; fileEncoding = 4; lastKnownFileType = sourcecode.c.h; name = GSBookShelfCell.h; path = Modules/GSBookShelf/BookShelf/GSBookShelfCell.h; sourceTree = "<group>"; };
		A680D389162A956E0088FEB6 /* GSBookShelfView.h */ = {isa = PBXFileReference; fileEncoding = 4; lastKnownFileType = sourcecode.c.h; name = GSBookShelfView.h; path = Modules/GSBookShelf/BookShelf/GSBookShelfView.h; sourceTree = "<group>"; };
		A680D38A162A956E0088FEB6 /* GSBookShelfView.m */ = {isa = PBXFileReference; fileEncoding = 4; lastKnownFileType = sourcecode.c.objc; name = GSBookShelfView.m; path = Modules/GSBookShelf/BookShelf/GSBookShelfView.m; sourceTree = "<group>"; };
		A680D38B162A956E0088FEB6 /* GSBookView.h */ = {isa = PBXFileReference; fileEncoding = 4; lastKnownFileType = sourcecode.c.h; name = GSBookView.h; path = Modules/GSBookShelf/BookShelf/GSBookView.h; sourceTree = "<group>"; };
		A680D38C162A956E0088FEB6 /* GSBookViewContainerView.h */ = {isa = PBXFileReference; fileEncoding = 4; lastKnownFileType = sourcecode.c.h; name = GSBookViewContainerView.h; path = Modules/GSBookShelf/BookShelf/GSBookViewContainerView.h; sourceTree = "<group>"; };
		A680D38D162A956E0088FEB6 /* GSBookViewContainerView.m */ = {isa = PBXFileReference; fileEncoding = 4; lastKnownFileType = sourcecode.c.objc; name = GSBookViewContainerView.m; path = Modules/GSBookShelf/BookShelf/GSBookViewContainerView.m; sourceTree = "<group>"; };
		A680D38E162A956E0088FEB6 /* GSCellContainerView.h */ = {isa = PBXFileReference; fileEncoding = 4; lastKnownFileType = sourcecode.c.h; name = GSCellContainerView.h; path = Modules/GSBookShelf/BookShelf/GSCellContainerView.h; sourceTree = "<group>"; };
		A680D38F162A956F0088FEB6 /* GSCellContainerView.m */ = {isa = PBXFileReference; fileEncoding = 4; lastKnownFileType = sourcecode.c.objc; name = GSCellContainerView.m; path = Modules/GSBookShelf/BookShelf/GSCellContainerView.m; sourceTree = "<group>"; };
		A680D390162A956F0088FEB6 /* NSMutableArray+Rearrange.h */ = {isa = PBXFileReference; fileEncoding = 4; lastKnownFileType = sourcecode.c.h; name = "NSMutableArray+Rearrange.h"; path = "Modules/GSBookShelf/BookShelf/NSMutableArray+Rearrange.h"; sourceTree = "<group>"; };
		A680D391162A956F0088FEB6 /* NSMutableArray+Rearrange.m */ = {isa = PBXFileReference; fileEncoding = 4; lastKnownFileType = sourcecode.c.objc; name = "NSMutableArray+Rearrange.m"; path = "Modules/GSBookShelf/BookShelf/NSMutableArray+Rearrange.m"; sourceTree = "<group>"; };
		A685A2B915BC36E3000A1AD5 /* libiconv.dylib */ = {isa = PBXFileReference; lastKnownFileType = "compiled.mach-o.dylib"; name = libiconv.dylib; path = usr/lib/libiconv.dylib; sourceTree = SDKROOT; };
		A6A4A9A915CEBBC9007EFB0E /* SFEditableCell.h */ = {isa = PBXFileReference; fileEncoding = 4; lastKnownFileType = sourcecode.c.h; path = SFEditableCell.h; sourceTree = "<group>"; };
		A6A4A9AA15CEBBC9007EFB0E /* SFEditableCell.m */ = {isa = PBXFileReference; fileEncoding = 4; lastKnownFileType = sourcecode.c.objc; path = SFEditableCell.m; sourceTree = "<group>"; };
		A6A4A9B415CECC51007EFB0E /* SFTextFieldInTableView.h */ = {isa = PBXFileReference; fileEncoding = 4; lastKnownFileType = sourcecode.c.h; path = SFTextFieldInTableView.h; sourceTree = "<group>"; };
		A6A4A9B515CECC51007EFB0E /* SFTextFieldInTableView.m */ = {isa = PBXFileReference; fileEncoding = 4; lastKnownFileType = sourcecode.c.objc; path = SFTextFieldInTableView.m; sourceTree = "<group>"; };
		A6A9CB1A15BC274600C02AD5 /* SFShelfViewController.h */ = {isa = PBXFileReference; fileEncoding = 4; lastKnownFileType = sourcecode.c.h; path = SFShelfViewController.h; sourceTree = "<group>"; };
		A6A9CB1B15BC274600C02AD5 /* SFShelfViewController.m */ = {isa = PBXFileReference; fileEncoding = 4; lastKnownFileType = sourcecode.c.objc; path = SFShelfViewController.m; sourceTree = "<group>"; };
		A6A9CB2D15BC31EE00C02AD5 /* Sheffle.xcdatamodel */ = {isa = PBXFileReference; lastKnownFileType = wrapper.xcdatamodel; path = Sheffle.xcdatamodel; sourceTree = "<group>"; };
		A6ACA14015ECE48900F11A67 /* SFShelfListViewController.h */ = {isa = PBXFileReference; fileEncoding = 4; lastKnownFileType = sourcecode.c.h; path = SFShelfListViewController.h; sourceTree = "<group>"; };
		A6ACA14115ECE48900F11A67 /* SFShelfListViewController.m */ = {isa = PBXFileReference; fileEncoding = 4; lastKnownFileType = sourcecode.c.objc; path = SFShelfListViewController.m; sourceTree = "<group>"; };
		A6B9987F15B98D1100D0919C /* Sheffle.app */ = {isa = PBXFileReference; explicitFileType = wrapper.application; includeInIndex = 0; path = Sheffle.app; sourceTree = BUILT_PRODUCTS_DIR; };
		A6B9988315B98D1100D0919C /* UIKit.framework */ = {isa = PBXFileReference; lastKnownFileType = wrapper.framework; name = UIKit.framework; path = System/Library/Frameworks/UIKit.framework; sourceTree = SDKROOT; };
		A6B9988515B98D1100D0919C /* Foundation.framework */ = {isa = PBXFileReference; lastKnownFileType = wrapper.framework; name = Foundation.framework; path = System/Library/Frameworks/Foundation.framework; sourceTree = SDKROOT; };
		A6B9988715B98D1200D0919C /* CoreGraphics.framework */ = {isa = PBXFileReference; lastKnownFileType = wrapper.framework; name = CoreGraphics.framework; path = System/Library/Frameworks/CoreGraphics.framework; sourceTree = SDKROOT; };
		A6B9988B15B98D1200D0919C /* Sheffle-Info.plist */ = {isa = PBXFileReference; lastKnownFileType = text.plist.xml; path = "Sheffle-Info.plist"; sourceTree = "<group>"; };
		A6B9988D15B98D1200D0919C /* en */ = {isa = PBXFileReference; lastKnownFileType = text.plist.strings; name = en; path = en.lproj/InfoPlist.strings; sourceTree = "<group>"; };
		A6B9988F15B98D1200D0919C /* main.m */ = {isa = PBXFileReference; lastKnownFileType = sourcecode.c.objc; path = main.m; sourceTree = "<group>"; };
		A6B9989115B98D1200D0919C /* Sheffle-Prefix.pch */ = {isa = PBXFileReference; lastKnownFileType = sourcecode.c.h; path = "Sheffle-Prefix.pch"; sourceTree = "<group>"; };
		A6B9989215B98D1200D0919C /* SFAppDelegate.h */ = {isa = PBXFileReference; lastKnownFileType = sourcecode.c.h; path = SFAppDelegate.h; sourceTree = "<group>"; };
		A6B9989315B98D1200D0919C /* SFAppDelegate.m */ = {isa = PBXFileReference; lastKnownFileType = sourcecode.c.objc; path = SFAppDelegate.m; sourceTree = "<group>"; };
		A6B998AB15B98D1200D0919C /* SheffleTests.octest */ = {isa = PBXFileReference; explicitFileType = wrapper.cfbundle; includeInIndex = 0; path = SheffleTests.octest; sourceTree = BUILT_PRODUCTS_DIR; };
		A6B998AC15B98D1200D0919C /* SenTestingKit.framework */ = {isa = PBXFileReference; lastKnownFileType = wrapper.framework; name = SenTestingKit.framework; path = Library/Frameworks/SenTestingKit.framework; sourceTree = DEVELOPER_DIR; };
		A6B998B415B98D1200D0919C /* SheffleTests-Info.plist */ = {isa = PBXFileReference; lastKnownFileType = text.plist.xml; path = "SheffleTests-Info.plist"; sourceTree = "<group>"; };
		A6B998B615B98D1200D0919C /* en */ = {isa = PBXFileReference; lastKnownFileType = text.plist.strings; name = en; path = en.lproj/InfoPlist.strings; sourceTree = "<group>"; };
		A6B998B815B98D1200D0919C /* SheffleTests.h */ = {isa = PBXFileReference; lastKnownFileType = sourcecode.c.h; path = SheffleTests.h; sourceTree = "<group>"; };
		A6B998B915B98D1200D0919C /* SheffleTests.m */ = {isa = PBXFileReference; lastKnownFileType = sourcecode.c.objc; path = SheffleTests.m; sourceTree = "<group>"; };
		A6B998C715B993BC00D0919C /* CoreData.framework */ = {isa = PBXFileReference; lastKnownFileType = wrapper.framework; name = CoreData.framework; path = System/Library/Frameworks/CoreData.framework; sourceTree = SDKROOT; };
		A6B998F015B9956900D0919C /* AVFoundation.framework */ = {isa = PBXFileReference; lastKnownFileType = wrapper.framework; name = AVFoundation.framework; path = System/Library/Frameworks/AVFoundation.framework; sourceTree = SDKROOT; };
		A6B998F215B9957500D0919C /* CoreVideo.framework */ = {isa = PBXFileReference; lastKnownFileType = wrapper.framework; name = CoreVideo.framework; path = System/Library/Frameworks/CoreVideo.framework; sourceTree = SDKROOT; };
		A6B998F615B9958800D0919C /* QuartzCore.framework */ = {isa = PBXFileReference; lastKnownFileType = wrapper.framework; name = QuartzCore.framework; path = System/Library/Frameworks/QuartzCore.framework; sourceTree = SDKROOT; };
		A6B998F815B995A500D0919C /* CoreMedia.framework */ = {isa = PBXFileReference; lastKnownFileType = wrapper.framework; name = CoreMedia.framework; path = System/Library/Frameworks/CoreMedia.framework; sourceTree = SDKROOT; };
		A6D0916815C5A07400B128C8 /* SFBook.h */ = {isa = PBXFileReference; fileEncoding = 4; lastKnownFileType = sourcecode.c.h; name = SFBook.h; path = Sheffle/SFBook.h; sourceTree = "<group>"; };
		A6D0916915C5A07400B128C8 /* SFBook.m */ = {isa = PBXFileReference; fileEncoding = 4; lastKnownFileType = sourcecode.c.objc; name = SFBook.m; path = Sheffle/SFBook.m; sourceTree = "<group>"; };
		A6D0917015C5B0A400B128C8 /* SFBookViewController.h */ = {isa = PBXFileReference; fileEncoding = 4; lastKnownFileType = sourcecode.c.h; path = SFBookViewController.h; sourceTree = "<group>"; };
		A6D0917115C5B0A400B128C8 /* SFBookViewController.m */ = {isa = PBXFileReference; fileEncoding = 4; lastKnownFileType = sourcecode.c.objc; path = SFBookViewController.m; sourceTree = "<group>"; };
		A6F5CD4915CE613E00AEC20C /* SFShelf+SortedBooks.h */ = {isa = PBXFileReference; fileEncoding = 4; lastKnownFileType = sourcecode.c.h; name = "SFShelf+SortedBooks.h"; path = "Sheffle/SFShelf+SortedBooks.h"; sourceTree = "<group>"; };
		A6F5CD4A15CE613E00AEC20C /* SFShelf+SortedBooks.m */ = {isa = PBXFileReference; fileEncoding = 4; lastKnownFileType = sourcecode.c.objc; name = "SFShelf+SortedBooks.m"; path = "Sheffle/SFShelf+SortedBooks.m"; sourceTree = "<group>"; };
		A6F5CD4C15CE62BB00AEC20C /* SFShelvesViewController.h */ = {isa = PBXFileReference; fileEncoding = 4; lastKnownFileType = sourcecode.c.h; path = SFShelvesViewController.h; sourceTree = "<group>"; };
		A6F5CD4D15CE62BB00AEC20C /* SFShelvesViewController.m */ = {isa = PBXFileReference; fileEncoding = 4; lastKnownFileType = sourcecode.c.objc; path = SFShelvesViewController.m; sourceTree = "<group>"; };
/* End PBXFileReference section */

/* Begin PBXFrameworksBuildPhase section */
		A6B9987C15B98D1100D0919C /* Frameworks */ = {
			isa = PBXFrameworksBuildPhase;
			buildActionMask = 2147483647;
			files = (
				A685A2BC15BC370C000A1AD5 /* libiconv.dylib in Frameworks */,
				A6B998C815B993BC00D0919C /* CoreData.framework in Frameworks */,
				A6B998F915B995A500D0919C /* CoreMedia.framework in Frameworks */,
				A6B998F715B9958800D0919C /* QuartzCore.framework in Frameworks */,
				A6B998F315B9957500D0919C /* CoreVideo.framework in Frameworks */,
				A6B998F115B9956900D0919C /* AVFoundation.framework in Frameworks */,
				A6B9988415B98D1100D0919C /* UIKit.framework in Frameworks */,
				A6B9988615B98D1200D0919C /* Foundation.framework in Frameworks */,
				A6B9988815B98D1200D0919C /* CoreGraphics.framework in Frameworks */,
				A680D2E1162A8B2B0088FEB6 /* libzbar.a in Frameworks */,
			);
			runOnlyForDeploymentPostprocessing = 0;
		};
		A6B998A715B98D1200D0919C /* Frameworks */ = {
			isa = PBXFrameworksBuildPhase;
			buildActionMask = 2147483647;
			files = (
				A6B998AD15B98D1200D0919C /* SenTestingKit.framework in Frameworks */,
				A6B998AE15B98D1200D0919C /* UIKit.framework in Frameworks */,
				A6B998AF15B98D1200D0919C /* Foundation.framework in Frameworks */,
			);
			runOnlyForDeploymentPostprocessing = 0;
		};
/* End PBXFrameworksBuildPhase section */

/* Begin PBXGroup section */
		A64E749815C3C0CC003464FE /* ShelfView */ = {
			isa = PBXGroup;
			children = (
				A6ACA14015ECE48900F11A67 /* SFShelfListViewController.h */,
				A6ACA14115ECE48900F11A67 /* SFShelfListViewController.m */,
				A6A9CB1A15BC274600C02AD5 /* SFShelfViewController.h */,
				A6A9CB1B15BC274600C02AD5 /* SFShelfViewController.m */,
				A6408C6415BDCDDD001AF716 /* SFTableShelfViewController.h */,
				A6408C6515BDCDDD001AF716 /* SFTableShelfViewController.m */,
				A64E733C15C3B922003464FE /* SFGridShelfViewController.h */,
				A64E733D15C3B922003464FE /* SFGridShelfViewController.m */,
			);
			name = ShelfView;
			sourceTree = "<group>";
		};
		A64E74B315C3D7FD003464FE /* BookView */ = {
			isa = PBXGroup;
			children = (
				A6D0917015C5B0A400B128C8 /* SFBookViewController.h */,
				A6D0917115C5B0A400B128C8 /* SFBookViewController.m */,
			);
			name = BookView;
			sourceTree = "<group>";
		};
		A680D246162A89C60088FEB6 /* Dependencies */ = {
			isa = PBXGroup;
			children = (
				A680D370162A94F70088FEB6 /* SBJson.xcodeproj */,
			);
			name = Dependencies;
			sourceTree = "<group>";
		};
		A680D2C2162A8B2B0088FEB6 /* ZBarSDK */ = {
			isa = PBXGroup;
			children = (
				A680D2C3162A8B2B0088FEB6 /* Headers */,
				A680D2DA162A8B2B0088FEB6 /* libzbar.a */,
				A680D2DB162A8B2B0088FEB6 /* Resources */,
			);
			name = ZBarSDK;
			path = Libraries/ZBarSDK;
			sourceTree = "<group>";
		};
		A680D2C3162A8B2B0088FEB6 /* Headers */ = {
			isa = PBXGroup;
			children = (
				A680D2C4162A8B2B0088FEB6 /* ZBarSDK */,
			);
			path = Headers;
			sourceTree = "<group>";
		};
		A680D2C4162A8B2B0088FEB6 /* ZBarSDK */ = {
			isa = PBXGroup;
			children = (
				A680D2C5162A8B2B0088FEB6 /* zbar */,
				A680D2CF162A8B2B0088FEB6 /* zbar.h */,
				A680D2D0162A8B2B0088FEB6 /* ZBarCameraSimulator.h */,
				A680D2D1162A8B2B0088FEB6 /* ZBarCaptureReader.h */,
				A680D2D2162A8B2B0088FEB6 /* ZBarHelpController.h */,
				A680D2D3162A8B2B0088FEB6 /* ZBarImage.h */,
				A680D2D4162A8B2B0088FEB6 /* ZBarImageScanner.h */,
				A680D2D5162A8B2B0088FEB6 /* ZBarReaderController.h */,
				A680D2D6162A8B2B0088FEB6 /* ZBarReaderView.h */,
				A680D2D7162A8B2B0088FEB6 /* ZBarReaderViewController.h */,
				A680D2D8162A8B2B0088FEB6 /* ZBarSDK.h */,
				A680D2D9162A8B2B0088FEB6 /* ZBarSymbol.h */,
			);
			path = ZBarSDK;
			sourceTree = "<group>";
		};
		A680D2C5162A8B2B0088FEB6 /* zbar */ = {
			isa = PBXGroup;
			children = (
				A680D2C6162A8B2B0088FEB6 /* Decoder.h */,
				A680D2C7162A8B2B0088FEB6 /* Exception.h */,
				A680D2C8162A8B2B0088FEB6 /* Image.h */,
				A680D2C9162A8B2B0088FEB6 /* ImageScanner.h */,
				A680D2CA162A8B2B0088FEB6 /* Processor.h */,
				A680D2CB162A8B2B0088FEB6 /* Scanner.h */,
				A680D2CC162A8B2B0088FEB6 /* Symbol.h */,
				A680D2CD162A8B2B0088FEB6 /* Video.h */,
				A680D2CE162A8B2B0088FEB6 /* Window.h */,
			);
			path = zbar;
			sourceTree = "<group>";
		};
		A680D2DB162A8B2B0088FEB6 /* Resources */ = {
			isa = PBXGroup;
			children = (
				A680D2DC162A8B2B0088FEB6 /* zbar-back.png */,
				A680D2DD162A8B2B0088FEB6 /* zbar-help.html */,
				A680D2DE162A8B2B0088FEB6 /* zbar-helpicons.png */,
				A680D2DF162A8B2B0088FEB6 /* zbar-samples.png */,
			);
			path = Resources;
			sourceTree = "<group>";
		};
		A680D36C162A94EB0088FEB6 /* TDBadgedCell */ = {
			isa = PBXGroup;
			children = (
				A680D36D162A94EB0088FEB6 /* TDBadgedCell.h */,
				A680D36E162A94EB0088FEB6 /* TDBadgedCell.m */,
			);
			name = TDBadgedCell;
			path = Modules/TDBadgedCell;
			sourceTree = "<group>";
		};
		A680D371162A94F70088FEB6 /* Products */ = {
			isa = PBXGroup;
			children = (
				A680D378162A94F80088FEB6 /* libSBJson.a */,
			);
			name = Products;
			sourceTree = "<group>";
		};
		A680D37C162A953C0088FEB6 /* SVPullToRefresh */ = {
			isa = PBXGroup;
			children = (
				A680D37D162A953C0088FEB6 /* SVPullToRefresh.h */,
				A680D37E162A953C0088FEB6 /* SVPullToRefresh.m */,
			);
			name = SVPullToRefresh;
			path = Modules/SVPullToRefresh/SVPullToRefresh;
			sourceTree = "<group>";
		};
		A680D382162A955A0088FEB6 /* SVProgressHUD */ = {
			isa = PBXGroup;
			children = (
				A680D383162A955A0088FEB6 /* SVProgressHUD.bundle */,
				A680D384162A955A0088FEB6 /* SVProgressHUD.h */,
				A680D385162A955A0088FEB6 /* SVProgressHUD.m */,
			);
			name = SVProgressHUD;
			path = Modules/SVProgressHUD/SVProgressHUD;
			sourceTree = "<group>";
		};
		A680D396162A95730088FEB6 /* GSBookShelf */ = {
			isa = PBXGroup;
			children = (
				A680D388162A956E0088FEB6 /* GSBookShelfCell.h */,
				A680D389162A956E0088FEB6 /* GSBookShelfView.h */,
				A680D38A162A956E0088FEB6 /* GSBookShelfView.m */,
				A680D38B162A956E0088FEB6 /* GSBookView.h */,
				A680D38C162A956E0088FEB6 /* GSBookViewContainerView.h */,
				A680D38D162A956E0088FEB6 /* GSBookViewContainerView.m */,
				A680D38E162A956E0088FEB6 /* GSCellContainerView.h */,
				A680D38F162A956F0088FEB6 /* GSCellContainerView.m */,
				A680D390162A956F0088FEB6 /* NSMutableArray+Rearrange.h */,
				A680D391162A956F0088FEB6 /* NSMutableArray+Rearrange.m */,
			);
			name = GSBookShelf;
			sourceTree = "<group>";
		};
		A680D397162A95800088FEB6 /* R9HTTPRequest */ = {
			isa = PBXGroup;
			children = (
				A680D379162A95310088FEB6 /* R9HTTPRequest.h */,
				A680D37A162A95310088FEB6 /* R9HTTPRequest.m */,
			);
			name = R9HTTPRequest;
			sourceTree = "<group>";
		};
		A685A2ED15BC3CDE000A1AD5 /* Libraries */ = {
			isa = PBXGroup;
			children = (
				A680D396162A95730088FEB6 /* GSBookShelf */,
				A680D382162A955A0088FEB6 /* SVProgressHUD */,
				A680D37C162A953C0088FEB6 /* SVPullToRefresh */,
				A680D397162A95800088FEB6 /* R9HTTPRequest */,
				A680D36C162A94EB0088FEB6 /* TDBadgedCell */,
				A680D2C2162A8B2B0088FEB6 /* ZBarSDK */,
			);
			name = Libraries;
			sourceTree = "<group>";
		};
		A6A9CB1715BC25FE00C02AD5 /* Resources */ = {
			isa = PBXGroup;
			children = (
				A64E74BE15C4151B003464FE /* Default@2x.png */,
				A64E74BC15C41519003464FE /* Default.png */,
				A64E74BA15C41354003464FE /* icon57x57x@2x.png */,
				A64E74B815C41328003464FE /* icon57x57.png */,
				A64E74B415C3E3CC003464FE /* book.png */,
				A64E74B515C3E3CC003464FE /* book@2x.png */,
				A64E74AF15C3D720003464FE /* barbg.png */,
				A64E74B015C3D720003464FE /* barbg@2x.png */,
				A64E74AB15C3D6E3003464FE /* shelfbg.png */,
				A64E74AC15C3D6E3003464FE /* shelfbg@2x.png */,
				A64E74A315C3D1E7003464FE /* navbarbg.png */,
				A64E74A415C3D1E7003464FE /* navbarbg@2x.png */,
				A64E74A515C3D1E7003464FE /* toolbarbg.png */,
				A64E74A615C3D1E7003464FE /* toolbarbg@2x.png */,
				A64E749F15C3C437003464FE /* checkmark.png */,
				A64E74A015C3C437003464FE /* checkmark@2x.png */,
			);
			name = Resources;
			sourceTree = "<group>";
		};
		A6A9CB1815BC260A00C02AD5 /* Views */ = {
			isa = PBXGroup;
			children = (
				A680D1D2162A7DC50088FEB6 /* MainStoryboard_iPhone.storyboard */,
				A6A4A9A915CEBBC9007EFB0E /* SFEditableCell.h */,
				A6A4A9AA15CEBBC9007EFB0E /* SFEditableCell.m */,
				A6A4A9B415CECC51007EFB0E /* SFTextFieldInTableView.h */,
				A6A4A9B515CECC51007EFB0E /* SFTextFieldInTableView.m */,
				A64E749915C3C1E5003464FE /* SFShelfBookView.h */,
				A64E749A15C3C1E5003464FE /* SFShelfBookView.m */,
				A64E749C15C3C1FE003464FE /* SFShelfRowView.h */,
				A64E749D15C3C1FE003464FE /* SFShelfRowView.m */,
			);
			name = Views;
			sourceTree = "<group>";
		};
		A6A9CB1915BC261900C02AD5 /* Controllers */ = {
			isa = PBXGroup;
			children = (
				A6F5CD4F15CE641700AEC20C /* ShelvesView */,
				A64E749815C3C0CC003464FE /* ShelfView */,
				A64E74B315C3D7FD003464FE /* BookView */,
				A6B9989215B98D1200D0919C /* SFAppDelegate.h */,
				A6B9989315B98D1200D0919C /* SFAppDelegate.m */,
			);
			name = Controllers;
			sourceTree = "<group>";
		};
		A6A9CB2515BC2A2200C02AD5 /* Models */ = {
			isa = PBXGroup;
			children = (
				A64E732C15C3ABD7003464FE /* SFShelf.h */,
				A64E732D15C3ABD7003464FE /* SFShelf.m */,
				A6F5CD4915CE613E00AEC20C /* SFShelf+SortedBooks.h */,
				A6F5CD4A15CE613E00AEC20C /* SFShelf+SortedBooks.m */,
				A6A9CB2C15BC31EE00C02AD5 /* Sheffle.xcdatamodeld */,
				A6D0916815C5A07400B128C8 /* SFBook.h */,
				A6D0916915C5A07400B128C8 /* SFBook.m */,
				A62A41EB15C0611400959355 /* SFCoreDataManager.h */,
				A62A41EC15C0611500959355 /* SFCoreDataManager.m */,
			);
			name = Models;
			path = ..;
			sourceTree = "<group>";
		};
		A6B9987415B98D1100D0919C = {
			isa = PBXGroup;
			children = (
				A680D246162A89C60088FEB6 /* Dependencies */,
				A685A2ED15BC3CDE000A1AD5 /* Libraries */,
				A6B9988915B98D1200D0919C /* Sheffle */,
				A6B998B215B98D1200D0919C /* SheffleTests */,
				A6B9988215B98D1100D0919C /* Frameworks */,
				A6B9988015B98D1100D0919C /* Products */,
			);
			sourceTree = "<group>";
		};
		A6B9988015B98D1100D0919C /* Products */ = {
			isa = PBXGroup;
			children = (
				A6B9987F15B98D1100D0919C /* Sheffle.app */,
				A6B998AB15B98D1200D0919C /* SheffleTests.octest */,
			);
			name = Products;
			sourceTree = "<group>";
		};
		A6B9988215B98D1100D0919C /* Frameworks */ = {
			isa = PBXGroup;
			children = (
				A685A2B915BC36E3000A1AD5 /* libiconv.dylib */,
				A6B998F815B995A500D0919C /* CoreMedia.framework */,
				A6B998F615B9958800D0919C /* QuartzCore.framework */,
				A6B998F215B9957500D0919C /* CoreVideo.framework */,
				A6B998F015B9956900D0919C /* AVFoundation.framework */,
				A6B998C715B993BC00D0919C /* CoreData.framework */,
				A6B9988315B98D1100D0919C /* UIKit.framework */,
				A6B9988515B98D1100D0919C /* Foundation.framework */,
				A6B9988715B98D1200D0919C /* CoreGraphics.framework */,
				A6B998AC15B98D1200D0919C /* SenTestingKit.framework */,
			);
			name = Frameworks;
			sourceTree = "<group>";
		};
		A6B9988915B98D1200D0919C /* Sheffle */ = {
			isa = PBXGroup;
			children = (
				A6A9CB2515BC2A2200C02AD5 /* Models */,
				A6A9CB1915BC261900C02AD5 /* Controllers */,
				A6A9CB1815BC260A00C02AD5 /* Views */,
				A6A9CB1715BC25FE00C02AD5 /* Resources */,
				A6B9988A15B98D1200D0919C /* Supporting Files */,
			);
			path = Sheffle;
			sourceTree = "<group>";
		};
		A6B9988A15B98D1200D0919C /* Supporting Files */ = {
			isa = PBXGroup;
			children = (
				A6B9988F15B98D1200D0919C /* main.m */,
				A6B9989115B98D1200D0919C /* Sheffle-Prefix.pch */,
				A6B9988B15B98D1200D0919C /* Sheffle-Info.plist */,
				A6B9988C15B98D1200D0919C /* InfoPlist.strings */,
			);
			name = "Supporting Files";
			sourceTree = "<group>";
		};
		A6B998B215B98D1200D0919C /* SheffleTests */ = {
			isa = PBXGroup;
			children = (
				A6B998B815B98D1200D0919C /* SheffleTests.h */,
				A6B998B915B98D1200D0919C /* SheffleTests.m */,
				A6B998B315B98D1200D0919C /* Supporting Files */,
			);
			path = SheffleTests;
			sourceTree = "<group>";
		};
		A6B998B315B98D1200D0919C /* Supporting Files */ = {
			isa = PBXGroup;
			children = (
				A6B998B415B98D1200D0919C /* SheffleTests-Info.plist */,
				A6B998B515B98D1200D0919C /* InfoPlist.strings */,
			);
			name = "Supporting Files";
			sourceTree = "<group>";
		};
		A6F5CD4F15CE641700AEC20C /* ShelvesView */ = {
			isa = PBXGroup;
			children = (
				A6F5CD4C15CE62BB00AEC20C /* SFShelvesViewController.h */,
				A6F5CD4D15CE62BB00AEC20C /* SFShelvesViewController.m */,
			);
			name = ShelvesView;
			sourceTree = "<group>";
		};
/* End PBXGroup section */

/* Begin PBXNativeTarget section */
		A6B9987E15B98D1100D0919C /* Sheffle */ = {
			isa = PBXNativeTarget;
			buildConfigurationList = A6B998BD15B98D1200D0919C /* Build configuration list for PBXNativeTarget "Sheffle" */;
			buildPhases = (
				A6B9987B15B98D1100D0919C /* Sources */,
				A6B9987C15B98D1100D0919C /* Frameworks */,
				A6B9987D15B98D1100D0919C /* Resources */,
			);
			buildRules = (
			);
			dependencies = (
			);
			name = Sheffle;
			productName = Sheffle;
			productReference = A6B9987F15B98D1100D0919C /* Sheffle.app */;
			productType = "com.apple.product-type.application";
		};
		A6B998AA15B98D1200D0919C /* SheffleTests */ = {
			isa = PBXNativeTarget;
			buildConfigurationList = A6B998C015B98D1200D0919C /* Build configuration list for PBXNativeTarget "SheffleTests" */;
			buildPhases = (
				A6B998A615B98D1200D0919C /* Sources */,
				A6B998A715B98D1200D0919C /* Frameworks */,
				A6B998A815B98D1200D0919C /* Resources */,
				A6B998A915B98D1200D0919C /* ShellScript */,
			);
			buildRules = (
			);
			dependencies = (
				A6B998B115B98D1200D0919C /* PBXTargetDependency */,
			);
			name = SheffleTests;
			productName = SheffleTests;
			productReference = A6B998AB15B98D1200D0919C /* SheffleTests.octest */;
			productType = "com.apple.product-type.bundle";
		};
/* End PBXNativeTarget section */

/* Begin PBXProject section */
		A6B9987615B98D1100D0919C /* Project object */ = {
			isa = PBXProject;
			attributes = {
				CLASSPREFIX = SF;
				LastUpgradeCheck = 0430;
				ORGANIZATIONNAME = "Kaeru Lab";
			};
			buildConfigurationList = A6B9987915B98D1100D0919C /* Build configuration list for PBXProject "Sheffle" */;
			compatibilityVersion = "Xcode 3.2";
			developmentRegion = English;
			hasScannedForEncodings = 0;
			knownRegions = (
				en,
				Base,
			);
			mainGroup = A6B9987415B98D1100D0919C;
			productRefGroup = A6B9988015B98D1100D0919C /* Products */;
			projectDirPath = "";
			projectReferences = (
				{
					ProductGroup = A680D371162A94F70088FEB6 /* Products */;
					ProjectRef = A680D370162A94F70088FEB6 /* SBJson.xcodeproj */;
				},
			);
			projectRoot = "";
			targets = (
				A6B9987E15B98D1100D0919C /* Sheffle */,
				A6B998AA15B98D1200D0919C /* SheffleTests */,
			);
		};
/* End PBXProject section */

/* Begin PBXReferenceProxy section */
		A680D378162A94F80088FEB6 /* libSBJson.a */ = {
			isa = PBXReferenceProxy;
			fileType = archive.ar;
			path = libSBJson.a;
			remoteRef = A680D377162A94F80088FEB6 /* PBXContainerItemProxy */;
			sourceTree = BUILT_PRODUCTS_DIR;
		};
/* End PBXReferenceProxy section */

/* Begin PBXResourcesBuildPhase section */
		A6B9987D15B98D1100D0919C /* Resources */ = {
			isa = PBXResourcesBuildPhase;
			buildActionMask = 2147483647;
			files = (
				A6B9988E15B98D1200D0919C /* InfoPlist.strings in Resources */,
				A64E74A115C3C437003464FE /* checkmark.png in Resources */,
				A64E74A215C3C437003464FE /* checkmark@2x.png in Resources */,
				A64E74A715C3D1E7003464FE /* navbarbg.png in Resources */,
				A64E74A815C3D1E7003464FE /* navbarbg@2x.png in Resources */,
				A64E74A915C3D1E7003464FE /* toolbarbg.png in Resources */,
				A64E74AA15C3D1E7003464FE /* toolbarbg@2x.png in Resources */,
				A64E74AD15C3D6E3003464FE /* shelfbg.png in Resources */,
				A64E74AE15C3D6E3003464FE /* shelfbg@2x.png in Resources */,
				A64E74B115C3D720003464FE /* barbg.png in Resources */,
				A64E74B215C3D720003464FE /* barbg@2x.png in Resources */,
				A64E74B615C3E3CC003464FE /* book.png in Resources */,
				A64E74B715C3E3CC003464FE /* book@2x.png in Resources */,
				A64E74B915C41329003464FE /* icon57x57.png in Resources */,
				A64E74BB15C41354003464FE /* icon57x57x@2x.png in Resources */,
				A64E74BD15C41519003464FE /* Default.png in Resources */,
				A64E74BF15C4151B003464FE /* Default@2x.png in Resources */,
				A680D1D3162A7DC50088FEB6 /* MainStoryboard_iPhone.storyboard in Resources */,
				A680D2E2162A8B2B0088FEB6 /* zbar-back.png in Resources */,
				A680D2E3162A8B2B0088FEB6 /* zbar-help.html in Resources */,
				A680D2E4162A8B2B0088FEB6 /* zbar-helpicons.png in Resources */,
				A680D2E5162A8B2B0088FEB6 /* zbar-samples.png in Resources */,
				A680D386162A955A0088FEB6 /* SVProgressHUD.bundle in Resources */,
			);
			runOnlyForDeploymentPostprocessing = 0;
		};
		A6B998A815B98D1200D0919C /* Resources */ = {
			isa = PBXResourcesBuildPhase;
			buildActionMask = 2147483647;
			files = (
				A6B998B715B98D1200D0919C /* InfoPlist.strings in Resources */,
			);
			runOnlyForDeploymentPostprocessing = 0;
		};
/* End PBXResourcesBuildPhase section */

/* Begin PBXShellScriptBuildPhase section */
		A6B998A915B98D1200D0919C /* ShellScript */ = {
			isa = PBXShellScriptBuildPhase;
			buildActionMask = 2147483647;
			files = (
			);
			inputPaths = (
			);
			outputPaths = (
			);
			runOnlyForDeploymentPostprocessing = 0;
			shellPath = /bin/sh;
			shellScript = "# Run the unit tests in this test bundle.\n\"${SYSTEM_DEVELOPER_DIR}/Tools/RunUnitTests\"\n";
		};
/* End PBXShellScriptBuildPhase section */

/* Begin PBXSourcesBuildPhase section */
		A6B9987B15B98D1100D0919C /* Sources */ = {
			isa = PBXSourcesBuildPhase;
			buildActionMask = 2147483647;
			files = (
				A6B9989015B98D1200D0919C /* main.m in Sources */,
				A6B9989415B98D1200D0919C /* SFAppDelegate.m in Sources */,
				A6A9CB1C15BC274600C02AD5 /* SFShelfViewController.m in Sources */,
				A6A9CB3215BC31EE00C02AD5 /* Sheffle.xcdatamodeld in Sources */,
				A6408C6615BDCDDD001AF716 /* SFTableShelfViewController.m in Sources */,
				A62A41ED15C0611500959355 /* SFCoreDataManager.m in Sources */,
				A64E732E15C3ABD7003464FE /* SFShelf.m in Sources */,
				A64E733E15C3B922003464FE /* SFGridShelfViewController.m in Sources */,
				A64E749B15C3C1E5003464FE /* SFShelfBookView.m in Sources */,
				A64E749E15C3C1FE003464FE /* SFShelfRowView.m in Sources */,
				A6D0916A15C5A07400B128C8 /* SFBook.m in Sources */,
				A6D0917315C5B0A400B128C8 /* SFBookViewController.m in Sources */,
				A6F5CD4B15CE613F00AEC20C /* SFShelf+SortedBooks.m in Sources */,
				A6F5CD4E15CE62BB00AEC20C /* SFShelvesViewController.m in Sources */,
				A6A4A9AB15CEBBC9007EFB0E /* SFEditableCell.m in Sources */,
				A6A4A9B615CECC51007EFB0E /* SFTextFieldInTableView.m in Sources */,
				A6ACA14215ECE48900F11A67 /* SFShelfListViewController.m in Sources */,
				A680D36F162A94EB0088FEB6 /* TDBadgedCell.m in Sources */,
				A680D380162A95450088FEB6 /* SVPullToRefresh.m in Sources */,
				A680D381162A95500088FEB6 /* R9HTTPRequest.m in Sources */,
				A680D387162A955A0088FEB6 /* SVProgressHUD.m in Sources */,
				A680D392162A956F0088FEB6 /* GSBookShelfView.m in Sources */,
				A680D393162A956F0088FEB6 /* GSBookViewContainerView.m in Sources */,
				A680D394162A956F0088FEB6 /* GSCellContainerView.m in Sources */,
				A680D395162A956F0088FEB6 /* NSMutableArray+Rearrange.m in Sources */,
			);
			runOnlyForDeploymentPostprocessing = 0;
		};
		A6B998A615B98D1200D0919C /* Sources */ = {
			isa = PBXSourcesBuildPhase;
			buildActionMask = 2147483647;
			files = (
				A6B998BA15B98D1200D0919C /* SheffleTests.m in Sources */,
			);
			runOnlyForDeploymentPostprocessing = 0;
		};
/* End PBXSourcesBuildPhase section */

/* Begin PBXTargetDependency section */
		A6B998B115B98D1200D0919C /* PBXTargetDependency */ = {
			isa = PBXTargetDependency;
			target = A6B9987E15B98D1100D0919C /* Sheffle */;
			targetProxy = A6B998B015B98D1200D0919C /* PBXContainerItemProxy */;
		};
/* End PBXTargetDependency section */

/* Begin PBXVariantGroup section */
		A6B9988C15B98D1200D0919C /* InfoPlist.strings */ = {
			isa = PBXVariantGroup;
			children = (
				A6B9988D15B98D1200D0919C /* en */,
			);
			name = InfoPlist.strings;
			sourceTree = "<group>";
		};
		A6B998B515B98D1200D0919C /* InfoPlist.strings */ = {
			isa = PBXVariantGroup;
			children = (
				A6B998B615B98D1200D0919C /* en */,
			);
			name = InfoPlist.strings;
			sourceTree = "<group>";
		};
/* End PBXVariantGroup section */

/* Begin XCBuildConfiguration section */
		A6B998BB15B98D1200D0919C /* Debug */ = {
			isa = XCBuildConfiguration;
			buildSettings = {
				ALWAYS_SEARCH_USER_PATHS = NO;
				ARCHS = "$(ARCHS_STANDARD_32_BIT)";
				CLANG_ENABLE_OBJC_ARC = YES;
				"CODE_SIGN_IDENTITY[sdk=iphoneos*]" = "iPhone Developer";
				COPY_PHASE_STRIP = NO;
				GCC_C_LANGUAGE_STANDARD = gnu99;
				GCC_DYNAMIC_NO_PIC = NO;
				GCC_OPTIMIZATION_LEVEL = 0;
				GCC_PREPROCESSOR_DEFINITIONS = (
					"DEBUG=1",
					"$(inherited)",
				);
				GCC_SYMBOLS_PRIVATE_EXTERN = NO;
				GCC_VERSION = com.apple.compilers.llvm.clang.1_0;
				GCC_WARN_ABOUT_RETURN_TYPE = YES;
				GCC_WARN_UNINITIALIZED_AUTOS = YES;
				GCC_WARN_UNUSED_VARIABLE = YES;
				HEADER_SEARCH_PATHS = "$(BUILT_PRODUCTS_DIR)/**";
				IPHONEOS_DEPLOYMENT_TARGET = 5.1;
				LIBRARY_SEARCH_PATHS = "$(SRCROOT)/Libraries/**";
				SDKROOT = iphoneos;
				VALID_ARCHS = armv7;
			};
			name = Debug;
		};
		A6B998BC15B98D1200D0919C /* Release */ = {
			isa = XCBuildConfiguration;
			buildSettings = {
				ALWAYS_SEARCH_USER_PATHS = NO;
				ARCHS = "$(ARCHS_STANDARD_32_BIT)";
				CLANG_ENABLE_OBJC_ARC = YES;
				"CODE_SIGN_IDENTITY[sdk=iphoneos*]" = "iPhone Developer";
				COPY_PHASE_STRIP = YES;
				GCC_C_LANGUAGE_STANDARD = gnu99;
				GCC_VERSION = com.apple.compilers.llvm.clang.1_0;
				GCC_WARN_ABOUT_RETURN_TYPE = YES;
				GCC_WARN_UNINITIALIZED_AUTOS = YES;
				GCC_WARN_UNUSED_VARIABLE = YES;
				HEADER_SEARCH_PATHS = "$(BUILT_PRODUCTS_DIR)/**";
				IPHONEOS_DEPLOYMENT_TARGET = 5.1;
				LIBRARY_SEARCH_PATHS = "$(SRCROOT)/Libraries/**";
				OTHER_CFLAGS = "-DNS_BLOCK_ASSERTIONS=1";
				SDKROOT = iphoneos;
				VALIDATE_PRODUCT = YES;
				VALID_ARCHS = armv7;
			};
			name = Release;
		};
		A6B998BE15B98D1200D0919C /* Debug */ = {
			isa = XCBuildConfiguration;
			buildSettings = {
				GCC_PRECOMPILE_PREFIX_HEADER = YES;
				GCC_PREFIX_HEADER = "Sheffle/Sheffle-Prefix.pch";
				INFOPLIST_FILE = "Sheffle/Sheffle-Info.plist";
				IPHONEOS_DEPLOYMENT_TARGET = 5.1;
				LIBRARY_SEARCH_PATHS = (
					"$(inherited)",
					"\"$(SRCROOT)/Libraries/SBJson\"",
					"\"$(SRCROOT)/Libraries/ZBarSDK\"",
				);
				PRODUCT_NAME = "$(TARGET_NAME)";
				TARGETED_DEVICE_FAMILY = 1;
				USER_HEADER_SEARCH_PATHS = "$(BUILT_PRODUCTS_DIR)/**";
				VALID_ARCHS = armv7;
				WRAPPER_EXTENSION = app;
			};
			name = Debug;
		};
		A6B998BF15B98D1200D0919C /* Release */ = {
			isa = XCBuildConfiguration;
			buildSettings = {
				GCC_PRECOMPILE_PREFIX_HEADER = YES;
				GCC_PREFIX_HEADER = "Sheffle/Sheffle-Prefix.pch";
				INFOPLIST_FILE = "Sheffle/Sheffle-Info.plist";
				IPHONEOS_DEPLOYMENT_TARGET = 5.1;
				LIBRARY_SEARCH_PATHS = (
					"$(inherited)",
					"\"$(SRCROOT)/Libraries/SBJson\"",
					"\"$(SRCROOT)/Libraries/ZBarSDK\"",
				);
				PRODUCT_NAME = "$(TARGET_NAME)";
				TARGETED_DEVICE_FAMILY = 1;
				USER_HEADER_SEARCH_PATHS = "$(BUILT_PRODUCTS_DIR)/**";
				VALID_ARCHS = armv7;
				WRAPPER_EXTENSION = app;
			};
			name = Release;
		};
		A6B998C115B98D1200D0919C /* Debug */ = {
			isa = XCBuildConfiguration;
			buildSettings = {
				BUNDLE_LOADER = "$(BUILT_PRODUCTS_DIR)/Sheffle.app/Sheffle";
				FRAMEWORK_SEARCH_PATHS = (
					"$(SDKROOT)/Developer/Library/Frameworks",
					"$(DEVELOPER_LIBRARY_DIR)/Frameworks",
				);
				GCC_PRECOMPILE_PREFIX_HEADER = YES;
				GCC_PREFIX_HEADER = "Sheffle/Sheffle-Prefix.pch";
				INFOPLIST_FILE = "SheffleTests/SheffleTests-Info.plist";
				PRODUCT_NAME = "$(TARGET_NAME)";
				TEST_HOST = "$(BUNDLE_LOADER)";
				WRAPPER_EXTENSION = octest;
			};
			name = Debug;
		};
		A6B998C215B98D1200D0919C /* Release */ = {
			isa = XCBuildConfiguration;
			buildSettings = {
				BUNDLE_LOADER = "$(BUILT_PRODUCTS_DIR)/Sheffle.app/Sheffle";
				FRAMEWORK_SEARCH_PATHS = (
					"$(SDKROOT)/Developer/Library/Frameworks",
					"$(DEVELOPER_LIBRARY_DIR)/Frameworks",
				);
				GCC_PRECOMPILE_PREFIX_HEADER = YES;
				GCC_PREFIX_HEADER = "Sheffle/Sheffle-Prefix.pch";
				INFOPLIST_FILE = "SheffleTests/SheffleTests-Info.plist";
				PRODUCT_NAME = "$(TARGET_NAME)";
				TEST_HOST = "$(BUNDLE_LOADER)";
				WRAPPER_EXTENSION = octest;
			};
			name = Release;
		};
/* End XCBuildConfiguration section */

/* Begin XCConfigurationList section */
		A6B9987915B98D1100D0919C /* Build configuration list for PBXProject "Sheffle" */ = {
			isa = XCConfigurationList;
			buildConfigurations = (
				A6B998BB15B98D1200D0919C /* Debug */,
				A6B998BC15B98D1200D0919C /* Release */,
			);
			defaultConfigurationIsVisible = 0;
			defaultConfigurationName = Release;
		};
		A6B998BD15B98D1200D0919C /* Build configuration list for PBXNativeTarget "Sheffle" */ = {
			isa = XCConfigurationList;
			buildConfigurations = (
				A6B998BE15B98D1200D0919C /* Debug */,
				A6B998BF15B98D1200D0919C /* Release */,
			);
			defaultConfigurationIsVisible = 0;
			defaultConfigurationName = Release;
		};
		A6B998C015B98D1200D0919C /* Build configuration list for PBXNativeTarget "SheffleTests" */ = {
			isa = XCConfigurationList;
			buildConfigurations = (
				A6B998C115B98D1200D0919C /* Debug */,
				A6B998C215B98D1200D0919C /* Release */,
			);
			defaultConfigurationIsVisible = 0;
			defaultConfigurationName = Release;
		};
/* End XCConfigurationList section */

/* Begin XCVersionGroup section */
		A6A9CB2C15BC31EE00C02AD5 /* Sheffle.xcdatamodeld */ = {
			isa = XCVersionGroup;
			children = (
				A6A9CB2D15BC31EE00C02AD5 /* Sheffle.xcdatamodel */,
			);
			currentVersion = A6A9CB2D15BC31EE00C02AD5 /* Sheffle.xcdatamodel */;
			name = Sheffle.xcdatamodeld;
			path = Sheffle/Sheffle.xcdatamodeld;
			sourceTree = "<group>";
			versionGroupType = wrapper.xcdatamodel;
		};
/* End XCVersionGroup section */
	};
	rootObject = A6B9987615B98D1100D0919C /* Project object */;
}
