// !$*UTF8*$!
{
	archiveVersion = 1;
	classes = {
	};
	objectVersion = 46;
	objects = {

/* Begin PBXBuildFile section */
		A62A41ED15C0611500959355 /* SFCoreDataManager.m in Sources */ = {isa = PBXBuildFile; fileRef = A62A41EC15C0611500959355 /* SFCoreDataManager.m */; };
		A6408C6615BDCDDD001AF716 /* SFTableShelfViewController.m in Sources */ = {isa = PBXBuildFile; fileRef = A6408C6515BDCDDD001AF716 /* SFTableShelfViewController.m */; };
		A64E732E15C3ABD7003464FE /* SFShelf.m in Sources */ = {isa = PBXBuildFile; fileRef = A64E732D15C3ABD7003464FE /* SFShelf.m */; };
		A64E733E15C3B922003464FE /* SFGridShelfViewController.m in Sources */ = {isa = PBXBuildFile; fileRef = A64E733D15C3B922003464FE /* SFGridShelfViewController.m */; };
		A64E748015C3BDAF003464FE /* GSBookShelfView.m in Sources */ = {isa = PBXBuildFile; fileRef = A64E743915C3BDAF003464FE /* GSBookShelfView.m */; };
		A64E748115C3BDAF003464FE /* GSBookViewContainerView.m in Sources */ = {isa = PBXBuildFile; fileRef = A64E743C15C3BDAF003464FE /* GSBookViewContainerView.m */; };
		A64E748215C3BDAF003464FE /* GSCellContainerView.m in Sources */ = {isa = PBXBuildFile; fileRef = A64E743E15C3BDAF003464FE /* GSCellContainerView.m */; };
		A64E748315C3BDAF003464FE /* NSMutableArray+Rearrange.m in Sources */ = {isa = PBXBuildFile; fileRef = A64E744015C3BDAF003464FE /* NSMutableArray+Rearrange.m */; };
		A64E748415C3BDAF003464FE /* R9HTTPRequest.m in Sources */ = {isa = PBXBuildFile; fileRef = A64E744315C3BDAF003464FE /* R9HTTPRequest.m */; };
		A64E748515C3BDAF003464FE /* NSObject+SBJson.m in Sources */ = {isa = PBXBuildFile; fileRef = A64E744615C3BDAF003464FE /* NSObject+SBJson.m */; };
		A64E748615C3BDAF003464FE /* SBJsonParser.m in Sources */ = {isa = PBXBuildFile; fileRef = A64E744915C3BDAF003464FE /* SBJsonParser.m */; };
		A64E748715C3BDAF003464FE /* SBJsonStreamParser.m in Sources */ = {isa = PBXBuildFile; fileRef = A64E744B15C3BDAF003464FE /* SBJsonStreamParser.m */; };
		A64E748815C3BDAF003464FE /* SBJsonStreamParserAccumulator.m in Sources */ = {isa = PBXBuildFile; fileRef = A64E744D15C3BDAF003464FE /* SBJsonStreamParserAccumulator.m */; };
		A64E748915C3BDAF003464FE /* SBJsonStreamParserAdapter.m in Sources */ = {isa = PBXBuildFile; fileRef = A64E744F15C3BDAF003464FE /* SBJsonStreamParserAdapter.m */; };
		A64E748A15C3BDAF003464FE /* SBJsonStreamParserState.m in Sources */ = {isa = PBXBuildFile; fileRef = A64E745115C3BDAF003464FE /* SBJsonStreamParserState.m */; };
		A64E748B15C3BDAF003464FE /* SBJsonStreamWriter.m in Sources */ = {isa = PBXBuildFile; fileRef = A64E745315C3BDAF003464FE /* SBJsonStreamWriter.m */; };
		A64E748C15C3BDAF003464FE /* SBJsonStreamWriterAccumulator.m in Sources */ = {isa = PBXBuildFile; fileRef = A64E745515C3BDAF003464FE /* SBJsonStreamWriterAccumulator.m */; };
		A64E748D15C3BDAF003464FE /* SBJsonStreamWriterState.m in Sources */ = {isa = PBXBuildFile; fileRef = A64E745715C3BDAF003464FE /* SBJsonStreamWriterState.m */; };
		A64E748E15C3BDAF003464FE /* SBJsonTokeniser.m in Sources */ = {isa = PBXBuildFile; fileRef = A64E745915C3BDAF003464FE /* SBJsonTokeniser.m */; };
		A64E748F15C3BDAF003464FE /* SBJsonUTF8Stream.m in Sources */ = {isa = PBXBuildFile; fileRef = A64E745B15C3BDAF003464FE /* SBJsonUTF8Stream.m */; };
		A64E749015C3BDAF003464FE /* SBJsonWriter.m in Sources */ = {isa = PBXBuildFile; fileRef = A64E745D15C3BDAF003464FE /* SBJsonWriter.m */; };
		A64E749115C3BDAF003464FE /* SVProgressHUD.bundle in Resources */ = {isa = PBXBuildFile; fileRef = A64E745F15C3BDAF003464FE /* SVProgressHUD.bundle */; };
		A64E749215C3BDAF003464FE /* SVProgressHUD.m in Sources */ = {isa = PBXBuildFile; fileRef = A64E746115C3BDAF003464FE /* SVProgressHUD.m */; };
		A64E749315C3BDAF003464FE /* libzbar.a in Frameworks */ = {isa = PBXBuildFile; fileRef = A64E747A15C3BDAF003464FE /* libzbar.a */; };
		A64E749415C3BDAF003464FE /* zbar-back.png in Resources */ = {isa = PBXBuildFile; fileRef = A64E747C15C3BDAF003464FE /* zbar-back.png */; };
		A64E749515C3BDAF003464FE /* zbar-help.html in Resources */ = {isa = PBXBuildFile; fileRef = A64E747D15C3BDAF003464FE /* zbar-help.html */; };
		A64E749615C3BDAF003464FE /* zbar-helpicons.png in Resources */ = {isa = PBXBuildFile; fileRef = A64E747E15C3BDAF003464FE /* zbar-helpicons.png */; };
		A64E749715C3BDAF003464FE /* zbar-samples.png in Resources */ = {isa = PBXBuildFile; fileRef = A64E747F15C3BDAF003464FE /* zbar-samples.png */; };
		A64E749B15C3C1E5003464FE /* SFShelfBookView.m in Sources */ = {isa = PBXBuildFile; fileRef = A64E749A15C3C1E5003464FE /* SFShelfBookView.m */; };
		A64E749E15C3C1FE003464FE /* SFShelfRowView.m in Sources */ = {isa = PBXBuildFile; fileRef = A64E749D15C3C1FE003464FE /* SFShelfRowView.m */; };
		A64E74A115C3C437003464FE /* checkmark.png in Resources */ = {isa = PBXBuildFile; fileRef = A64E749F15C3C437003464FE /* checkmark.png */; };
		A64E74A215C3C437003464FE /* checkmark@2x.png in Resources */ = {isa = PBXBuildFile; fileRef = A64E74A015C3C437003464FE /* checkmark@2x.png */; };
		A64E74A715C3D1E7003464FE /* navbarbg.png in Resources */ = {isa = PBXBuildFile; fileRef = A64E74A315C3D1E7003464FE /* navbarbg.png */; };
		A64E74A815C3D1E7003464FE /* navbarbg@2x.png in Resources */ = {isa = PBXBuildFile; fileRef = A64E74A415C3D1E7003464FE /* navbarbg@2x.png */; };
		A64E74A915C3D1E7003464FE /* toolbarbg.png in Resources */ = {isa = PBXBuildFile; fileRef = A64E74A515C3D1E7003464FE /* toolbarbg.png */; };
		A64E74AA15C3D1E7003464FE /* toolbarbg@2x.png in Resources */ = {isa = PBXBuildFile; fileRef = A64E74A615C3D1E7003464FE /* toolbarbg@2x.png */; };
		A64E74AD15C3D6E3003464FE /* shelfbg.png in Resources */ = {isa = PBXBuildFile; fileRef = A64E74AB15C3D6E3003464FE /* shelfbg.png */; };
		A64E74AE15C3D6E3003464FE /* shelfbg@2x.png in Resources */ = {isa = PBXBuildFile; fileRef = A64E74AC15C3D6E3003464FE /* shelfbg@2x.png */; };
		A64E74B115C3D720003464FE /* barbg.png in Resources */ = {isa = PBXBuildFile; fileRef = A64E74AF15C3D720003464FE /* barbg.png */; };
		A64E74B215C3D720003464FE /* barbg@2x.png in Resources */ = {isa = PBXBuildFile; fileRef = A64E74B015C3D720003464FE /* barbg@2x.png */; };
		A64E74B615C3E3CC003464FE /* book.png in Resources */ = {isa = PBXBuildFile; fileRef = A64E74B415C3E3CC003464FE /* book.png */; };
		A64E74B715C3E3CC003464FE /* book@2x.png in Resources */ = {isa = PBXBuildFile; fileRef = A64E74B515C3E3CC003464FE /* book@2x.png */; };
		A64E74B915C41329003464FE /* icon57x57.png in Resources */ = {isa = PBXBuildFile; fileRef = A64E74B815C41328003464FE /* icon57x57.png */; };
		A64E74BB15C41354003464FE /* icon57x57x@2x.png in Resources */ = {isa = PBXBuildFile; fileRef = A64E74BA15C41354003464FE /* icon57x57x@2x.png */; };
		A64E74BD15C41519003464FE /* Default.png in Resources */ = {isa = PBXBuildFile; fileRef = A64E74BC15C41519003464FE /* Default.png */; };
		A64E74BF15C4151B003464FE /* Default@2x.png in Resources */ = {isa = PBXBuildFile; fileRef = A64E74BE15C4151B003464FE /* Default@2x.png */; };
		A685A2BC15BC370C000A1AD5 /* libiconv.dylib in Frameworks */ = {isa = PBXBuildFile; fileRef = A685A2B915BC36E3000A1AD5 /* libiconv.dylib */; };
		A6A4A9AB15CEBBC9007EFB0E /* SFEditableCell.m in Sources */ = {isa = PBXBuildFile; fileRef = A6A4A9AA15CEBBC9007EFB0E /* SFEditableCell.m */; };
		A6A4A9B615CECC51007EFB0E /* SFTextFieldInTableView.m in Sources */ = {isa = PBXBuildFile; fileRef = A6A4A9B515CECC51007EFB0E /* SFTextFieldInTableView.m */; };
		A6A9CB1C15BC274600C02AD5 /* SFShelfViewController.m in Sources */ = {isa = PBXBuildFile; fileRef = A6A9CB1B15BC274600C02AD5 /* SFShelfViewController.m */; };
		A6A9CB3215BC31EE00C02AD5 /* Sheffle.xcdatamodeld in Sources */ = {isa = PBXBuildFile; fileRef = A6A9CB2C15BC31EE00C02AD5 /* Sheffle.xcdatamodeld */; };
		A6B9988415B98D1100D0919C /* UIKit.framework in Frameworks */ = {isa = PBXBuildFile; fileRef = A6B9988315B98D1100D0919C /* UIKit.framework */; };
		A6B9988615B98D1200D0919C /* Foundation.framework in Frameworks */ = {isa = PBXBuildFile; fileRef = A6B9988515B98D1100D0919C /* Foundation.framework */; };
		A6B9988815B98D1200D0919C /* CoreGraphics.framework in Frameworks */ = {isa = PBXBuildFile; fileRef = A6B9988715B98D1200D0919C /* CoreGraphics.framework */; };
		A6B9988E15B98D1200D0919C /* InfoPlist.strings in Resources */ = {isa = PBXBuildFile; fileRef = A6B9988C15B98D1200D0919C /* InfoPlist.strings */; };
		A6B9989015B98D1200D0919C /* main.m in Sources */ = {isa = PBXBuildFile; fileRef = A6B9988F15B98D1200D0919C /* main.m */; };
		A6B9989415B98D1200D0919C /* SFAppDelegate.m in Sources */ = {isa = PBXBuildFile; fileRef = A6B9989315B98D1200D0919C /* SFAppDelegate.m */; };
		A6B9989715B98D1200D0919C /* MainStoryboard_iPhone.storyboard in Resources */ = {isa = PBXBuildFile; fileRef = A6B9989515B98D1200D0919C /* MainStoryboard_iPhone.storyboard */; };
		A6B998AD15B98D1200D0919C /* SenTestingKit.framework in Frameworks */ = {isa = PBXBuildFile; fileRef = A6B998AC15B98D1200D0919C /* SenTestingKit.framework */; };
		A6B998AE15B98D1200D0919C /* UIKit.framework in Frameworks */ = {isa = PBXBuildFile; fileRef = A6B9988315B98D1100D0919C /* UIKit.framework */; };
		A6B998AF15B98D1200D0919C /* Foundation.framework in Frameworks */ = {isa = PBXBuildFile; fileRef = A6B9988515B98D1100D0919C /* Foundation.framework */; };
		A6B998B715B98D1200D0919C /* InfoPlist.strings in Resources */ = {isa = PBXBuildFile; fileRef = A6B998B515B98D1200D0919C /* InfoPlist.strings */; };
		A6B998BA15B98D1200D0919C /* SheffleTests.m in Sources */ = {isa = PBXBuildFile; fileRef = A6B998B915B98D1200D0919C /* SheffleTests.m */; };
		A6B998C815B993BC00D0919C /* CoreData.framework in Frameworks */ = {isa = PBXBuildFile; fileRef = A6B998C715B993BC00D0919C /* CoreData.framework */; };
		A6B998F115B9956900D0919C /* AVFoundation.framework in Frameworks */ = {isa = PBXBuildFile; fileRef = A6B998F015B9956900D0919C /* AVFoundation.framework */; };
		A6B998F315B9957500D0919C /* CoreVideo.framework in Frameworks */ = {isa = PBXBuildFile; fileRef = A6B998F215B9957500D0919C /* CoreVideo.framework */; };
		A6B998F715B9958800D0919C /* QuartzCore.framework in Frameworks */ = {isa = PBXBuildFile; fileRef = A6B998F615B9958800D0919C /* QuartzCore.framework */; };
		A6B998F915B995A500D0919C /* CoreMedia.framework in Frameworks */ = {isa = PBXBuildFile; fileRef = A6B998F815B995A500D0919C /* CoreMedia.framework */; };
		A6D0916A15C5A07400B128C8 /* SFBook.m in Sources */ = {isa = PBXBuildFile; fileRef = A6D0916915C5A07400B128C8 /* SFBook.m */; };
		A6D0917315C5B0A400B128C8 /* SFBookViewController.m in Sources */ = {isa = PBXBuildFile; fileRef = A6D0917115C5B0A400B128C8 /* SFBookViewController.m */; };
		A6F55B5515D69E3700500E2B /* TDBadgedCell.m in Sources */ = {isa = PBXBuildFile; fileRef = A6F55B5415D69E3700500E2B /* TDBadgedCell.m */; };
		A6F5CD4B15CE613F00AEC20C /* SFShelf+SortedBooks.m in Sources */ = {isa = PBXBuildFile; fileRef = A6F5CD4A15CE613E00AEC20C /* SFShelf+SortedBooks.m */; };
		A6F5CD4E15CE62BB00AEC20C /* SFShelvesViewController.m in Sources */ = {isa = PBXBuildFile; fileRef = A6F5CD4D15CE62BB00AEC20C /* SFShelvesViewController.m */; };
/* End PBXBuildFile section */

/* Begin PBXContainerItemProxy section */
		A6B998B015B98D1200D0919C /* PBXContainerItemProxy */ = {
			isa = PBXContainerItemProxy;
			containerPortal = A6B9987615B98D1100D0919C /* Project object */;
			proxyType = 1;
			remoteGlobalIDString = A6B9987E15B98D1100D0919C;
			remoteInfo = Sheffle;
		};
/* End PBXContainerItemProxy section */

/* Begin PBXFileReference section */
		A62A41EB15C0611400959355 /* SFCoreDataManager.h */ = {isa = PBXFileReference; fileEncoding = 4; lastKnownFileType = sourcecode.c.h; name = SFCoreDataManager.h; path = Sheffle/SFCoreDataManager.h; sourceTree = "<group>"; };
		A62A41EC15C0611500959355 /* SFCoreDataManager.m */ = {isa = PBXFileReference; fileEncoding = 4; lastKnownFileType = sourcecode.c.objc; name = SFCoreDataManager.m; path = Sheffle/SFCoreDataManager.m; sourceTree = "<group>"; };
		A6408C6415BDCDDD001AF716 /* SFTableShelfViewController.h */ = {isa = PBXFileReference; fileEncoding = 4; lastKnownFileType = sourcecode.c.h; path = SFTableShelfViewController.h; sourceTree = "<group>"; };
		A6408C6515BDCDDD001AF716 /* SFTableShelfViewController.m */ = {isa = PBXFileReference; fileEncoding = 4; lastKnownFileType = sourcecode.c.objc; path = SFTableShelfViewController.m; sourceTree = "<group>"; };
		A64E732C15C3ABD7003464FE /* SFShelf.h */ = {isa = PBXFileReference; fileEncoding = 4; lastKnownFileType = sourcecode.c.h; name = SFShelf.h; path = Sheffle/SFShelf.h; sourceTree = "<group>"; };
		A64E732D15C3ABD7003464FE /* SFShelf.m */ = {isa = PBXFileReference; fileEncoding = 4; lastKnownFileType = sourcecode.c.objc; name = SFShelf.m; path = Sheffle/SFShelf.m; sourceTree = "<group>"; };
		A64E733C15C3B922003464FE /* SFGridShelfViewController.h */ = {isa = PBXFileReference; fileEncoding = 4; lastKnownFileType = sourcecode.c.h; path = SFGridShelfViewController.h; sourceTree = "<group>"; };
		A64E733D15C3B922003464FE /* SFGridShelfViewController.m */ = {isa = PBXFileReference; fileEncoding = 4; lastKnownFileType = sourcecode.c.objc; path = SFGridShelfViewController.m; sourceTree = "<group>"; };
		A64E743715C3BDAF003464FE /* GSBookShelfCell.h */ = {isa = PBXFileReference; fileEncoding = 4; lastKnownFileType = sourcecode.c.h; path = GSBookShelfCell.h; sourceTree = "<group>"; };
		A64E743815C3BDAF003464FE /* GSBookShelfView.h */ = {isa = PBXFileReference; fileEncoding = 4; lastKnownFileType = sourcecode.c.h; path = GSBookShelfView.h; sourceTree = "<group>"; };
		A64E743915C3BDAF003464FE /* GSBookShelfView.m */ = {isa = PBXFileReference; fileEncoding = 4; lastKnownFileType = sourcecode.c.objc; path = GSBookShelfView.m; sourceTree = "<group>"; };
		A64E743A15C3BDAF003464FE /* GSBookView.h */ = {isa = PBXFileReference; fileEncoding = 4; lastKnownFileType = sourcecode.c.h; path = GSBookView.h; sourceTree = "<group>"; };
		A64E743B15C3BDAF003464FE /* GSBookViewContainerView.h */ = {isa = PBXFileReference; fileEncoding = 4; lastKnownFileType = sourcecode.c.h; path = GSBookViewContainerView.h; sourceTree = "<group>"; };
		A64E743C15C3BDAF003464FE /* GSBookViewContainerView.m */ = {isa = PBXFileReference; fileEncoding = 4; lastKnownFileType = sourcecode.c.objc; path = GSBookViewContainerView.m; sourceTree = "<group>"; };
		A64E743D15C3BDAF003464FE /* GSCellContainerView.h */ = {isa = PBXFileReference; fileEncoding = 4; lastKnownFileType = sourcecode.c.h; path = GSCellContainerView.h; sourceTree = "<group>"; };
		A64E743E15C3BDAF003464FE /* GSCellContainerView.m */ = {isa = PBXFileReference; fileEncoding = 4; lastKnownFileType = sourcecode.c.objc; path = GSCellContainerView.m; sourceTree = "<group>"; };
		A64E743F15C3BDAF003464FE /* NSMutableArray+Rearrange.h */ = {isa = PBXFileReference; fileEncoding = 4; lastKnownFileType = sourcecode.c.h; path = "NSMutableArray+Rearrange.h"; sourceTree = "<group>"; };
		A64E744015C3BDAF003464FE /* NSMutableArray+Rearrange.m */ = {isa = PBXFileReference; fileEncoding = 4; lastKnownFileType = sourcecode.c.objc; path = "NSMutableArray+Rearrange.m"; sourceTree = "<group>"; };
		A64E744215C3BDAF003464FE /* R9HTTPRequest.h */ = {isa = PBXFileReference; fileEncoding = 4; lastKnownFileType = sourcecode.c.h; path = R9HTTPRequest.h; sourceTree = "<group>"; };
		A64E744315C3BDAF003464FE /* R9HTTPRequest.m */ = {isa = PBXFileReference; fileEncoding = 4; lastKnownFileType = sourcecode.c.objc; path = R9HTTPRequest.m; sourceTree = "<group>"; };
		A64E744515C3BDAF003464FE /* NSObject+SBJson.h */ = {isa = PBXFileReference; fileEncoding = 4; lastKnownFileType = sourcecode.c.h; path = "NSObject+SBJson.h"; sourceTree = "<group>"; };
		A64E744615C3BDAF003464FE /* NSObject+SBJson.m */ = {isa = PBXFileReference; fileEncoding = 4; lastKnownFileType = sourcecode.c.objc; path = "NSObject+SBJson.m"; sourceTree = "<group>"; };
		A64E744715C3BDAF003464FE /* SBJson.h */ = {isa = PBXFileReference; fileEncoding = 4; lastKnownFileType = sourcecode.c.h; path = SBJson.h; sourceTree = "<group>"; };
		A64E744815C3BDAF003464FE /* SBJsonParser.h */ = {isa = PBXFileReference; fileEncoding = 4; lastKnownFileType = sourcecode.c.h; path = SBJsonParser.h; sourceTree = "<group>"; };
		A64E744915C3BDAF003464FE /* SBJsonParser.m */ = {isa = PBXFileReference; fileEncoding = 4; lastKnownFileType = sourcecode.c.objc; path = SBJsonParser.m; sourceTree = "<group>"; };
		A64E744A15C3BDAF003464FE /* SBJsonStreamParser.h */ = {isa = PBXFileReference; fileEncoding = 4; lastKnownFileType = sourcecode.c.h; path = SBJsonStreamParser.h; sourceTree = "<group>"; };
		A64E744B15C3BDAF003464FE /* SBJsonStreamParser.m */ = {isa = PBXFileReference; fileEncoding = 4; lastKnownFileType = sourcecode.c.objc; path = SBJsonStreamParser.m; sourceTree = "<group>"; };
		A64E744C15C3BDAF003464FE /* SBJsonStreamParserAccumulator.h */ = {isa = PBXFileReference; fileEncoding = 4; lastKnownFileType = sourcecode.c.h; path = SBJsonStreamParserAccumulator.h; sourceTree = "<group>"; };
		A64E744D15C3BDAF003464FE /* SBJsonStreamParserAccumulator.m */ = {isa = PBXFileReference; fileEncoding = 4; lastKnownFileType = sourcecode.c.objc; path = SBJsonStreamParserAccumulator.m; sourceTree = "<group>"; };
		A64E744E15C3BDAF003464FE /* SBJsonStreamParserAdapter.h */ = {isa = PBXFileReference; fileEncoding = 4; lastKnownFileType = sourcecode.c.h; path = SBJsonStreamParserAdapter.h; sourceTree = "<group>"; };
		A64E744F15C3BDAF003464FE /* SBJsonStreamParserAdapter.m */ = {isa = PBXFileReference; fileEncoding = 4; lastKnownFileType = sourcecode.c.objc; path = SBJsonStreamParserAdapter.m; sourceTree = "<group>"; };
		A64E745015C3BDAF003464FE /* SBJsonStreamParserState.h */ = {isa = PBXFileReference; fileEncoding = 4; lastKnownFileType = sourcecode.c.h; path = SBJsonStreamParserState.h; sourceTree = "<group>"; };
		A64E745115C3BDAF003464FE /* SBJsonStreamParserState.m */ = {isa = PBXFileReference; fileEncoding = 4; lastKnownFileType = sourcecode.c.objc; path = SBJsonStreamParserState.m; sourceTree = "<group>"; };
		A64E745215C3BDAF003464FE /* SBJsonStreamWriter.h */ = {isa = PBXFileReference; fileEncoding = 4; lastKnownFileType = sourcecode.c.h; path = SBJsonStreamWriter.h; sourceTree = "<group>"; };
		A64E745315C3BDAF003464FE /* SBJsonStreamWriter.m */ = {isa = PBXFileReference; fileEncoding = 4; lastKnownFileType = sourcecode.c.objc; path = SBJsonStreamWriter.m; sourceTree = "<group>"; };
		A64E745415C3BDAF003464FE /* SBJsonStreamWriterAccumulator.h */ = {isa = PBXFileReference; fileEncoding = 4; lastKnownFileType = sourcecode.c.h; path = SBJsonStreamWriterAccumulator.h; sourceTree = "<group>"; };
		A64E745515C3BDAF003464FE /* SBJsonStreamWriterAccumulator.m */ = {isa = PBXFileReference; fileEncoding = 4; lastKnownFileType = sourcecode.c.objc; path = SBJsonStreamWriterAccumulator.m; sourceTree = "<group>"; };
		A64E745615C3BDAF003464FE /* SBJsonStreamWriterState.h */ = {isa = PBXFileReference; fileEncoding = 4; lastKnownFileType = sourcecode.c.h; path = SBJsonStreamWriterState.h; sourceTree = "<group>"; };
		A64E745715C3BDAF003464FE /* SBJsonStreamWriterState.m */ = {isa = PBXFileReference; fileEncoding = 4; lastKnownFileType = sourcecode.c.objc; path = SBJsonStreamWriterState.m; sourceTree = "<group>"; };
		A64E745815C3BDAF003464FE /* SBJsonTokeniser.h */ = {isa = PBXFileReference; fileEncoding = 4; lastKnownFileType = sourcecode.c.h; path = SBJsonTokeniser.h; sourceTree = "<group>"; };
		A64E745915C3BDAF003464FE /* SBJsonTokeniser.m */ = {isa = PBXFileReference; fileEncoding = 4; lastKnownFileType = sourcecode.c.objc; path = SBJsonTokeniser.m; sourceTree = "<group>"; };
		A64E745A15C3BDAF003464FE /* SBJsonUTF8Stream.h */ = {isa = PBXFileReference; fileEncoding = 4; lastKnownFileType = sourcecode.c.h; path = SBJsonUTF8Stream.h; sourceTree = "<group>"; };
		A64E745B15C3BDAF003464FE /* SBJsonUTF8Stream.m */ = {isa = PBXFileReference; fileEncoding = 4; lastKnownFileType = sourcecode.c.objc; path = SBJsonUTF8Stream.m; sourceTree = "<group>"; };
		A64E745C15C3BDAF003464FE /* SBJsonWriter.h */ = {isa = PBXFileReference; fileEncoding = 4; lastKnownFileType = sourcecode.c.h; path = SBJsonWriter.h; sourceTree = "<group>"; };
		A64E745D15C3BDAF003464FE /* SBJsonWriter.m */ = {isa = PBXFileReference; fileEncoding = 4; lastKnownFileType = sourcecode.c.objc; path = SBJsonWriter.m; sourceTree = "<group>"; };
		A64E745F15C3BDAF003464FE /* SVProgressHUD.bundle */ = {isa = PBXFileReference; lastKnownFileType = "wrapper.plug-in"; path = SVProgressHUD.bundle; sourceTree = "<group>"; };
		A64E746015C3BDAF003464FE /* SVProgressHUD.h */ = {isa = PBXFileReference; fileEncoding = 4; lastKnownFileType = sourcecode.c.h; path = SVProgressHUD.h; sourceTree = "<group>"; };
		A64E746115C3BDAF003464FE /* SVProgressHUD.m */ = {isa = PBXFileReference; fileEncoding = 4; lastKnownFileType = sourcecode.c.objc; path = SVProgressHUD.m; sourceTree = "<group>"; };
		A64E746615C3BDAF003464FE /* Decoder.h */ = {isa = PBXFileReference; fileEncoding = 4; lastKnownFileType = sourcecode.c.h; path = Decoder.h; sourceTree = "<group>"; };
		A64E746715C3BDAF003464FE /* Exception.h */ = {isa = PBXFileReference; fileEncoding = 4; lastKnownFileType = sourcecode.c.h; path = Exception.h; sourceTree = "<group>"; };
		A64E746815C3BDAF003464FE /* Image.h */ = {isa = PBXFileReference; fileEncoding = 4; lastKnownFileType = sourcecode.c.h; path = Image.h; sourceTree = "<group>"; };
		A64E746915C3BDAF003464FE /* ImageScanner.h */ = {isa = PBXFileReference; fileEncoding = 4; lastKnownFileType = sourcecode.c.h; path = ImageScanner.h; sourceTree = "<group>"; };
		A64E746A15C3BDAF003464FE /* Processor.h */ = {isa = PBXFileReference; fileEncoding = 4; lastKnownFileType = sourcecode.c.h; path = Processor.h; sourceTree = "<group>"; };
		A64E746B15C3BDAF003464FE /* Scanner.h */ = {isa = PBXFileReference; fileEncoding = 4; lastKnownFileType = sourcecode.c.h; path = Scanner.h; sourceTree = "<group>"; };
		A64E746C15C3BDAF003464FE /* Symbol.h */ = {isa = PBXFileReference; fileEncoding = 4; lastKnownFileType = sourcecode.c.h; path = Symbol.h; sourceTree = "<group>"; };
		A64E746D15C3BDAF003464FE /* Video.h */ = {isa = PBXFileReference; fileEncoding = 4; lastKnownFileType = sourcecode.c.h; path = Video.h; sourceTree = "<group>"; };
		A64E746E15C3BDAF003464FE /* Window.h */ = {isa = PBXFileReference; fileEncoding = 4; lastKnownFileType = sourcecode.c.h; path = Window.h; sourceTree = "<group>"; };
		A64E746F15C3BDAF003464FE /* zbar.h */ = {isa = PBXFileReference; fileEncoding = 4; lastKnownFileType = sourcecode.c.h; path = zbar.h; sourceTree = "<group>"; };
		A64E747015C3BDAF003464FE /* ZBarCameraSimulator.h */ = {isa = PBXFileReference; fileEncoding = 4; lastKnownFileType = sourcecode.c.h; path = ZBarCameraSimulator.h; sourceTree = "<group>"; };
		A64E747115C3BDAF003464FE /* ZBarCaptureReader.h */ = {isa = PBXFileReference; fileEncoding = 4; lastKnownFileType = sourcecode.c.h; path = ZBarCaptureReader.h; sourceTree = "<group>"; };
		A64E747215C3BDAF003464FE /* ZBarHelpController.h */ = {isa = PBXFileReference; fileEncoding = 4; lastKnownFileType = sourcecode.c.h; path = ZBarHelpController.h; sourceTree = "<group>"; };
		A64E747315C3BDAF003464FE /* ZBarImage.h */ = {isa = PBXFileReference; fileEncoding = 4; lastKnownFileType = sourcecode.c.h; path = ZBarImage.h; sourceTree = "<group>"; };
		A64E747415C3BDAF003464FE /* ZBarImageScanner.h */ = {isa = PBXFileReference; fileEncoding = 4; lastKnownFileType = sourcecode.c.h; path = ZBarImageScanner.h; sourceTree = "<group>"; };
		A64E747515C3BDAF003464FE /* ZBarReaderController.h */ = {isa = PBXFileReference; fileEncoding = 4; lastKnownFileType = sourcecode.c.h; path = ZBarReaderController.h; sourceTree = "<group>"; };
		A64E747615C3BDAF003464FE /* ZBarReaderView.h */ = {isa = PBXFileReference; fileEncoding = 4; lastKnownFileType = sourcecode.c.h; path = ZBarReaderView.h; sourceTree = "<group>"; };
		A64E747715C3BDAF003464FE /* ZBarReaderViewController.h */ = {isa = PBXFileReference; fileEncoding = 4; lastKnownFileType = sourcecode.c.h; path = ZBarReaderViewController.h; sourceTree = "<group>"; };
		A64E747815C3BDAF003464FE /* ZBarSDK.h */ = {isa = PBXFileReference; fileEncoding = 4; lastKnownFileType = sourcecode.c.h; path = ZBarSDK.h; sourceTree = "<group>"; };
		A64E747915C3BDAF003464FE /* ZBarSymbol.h */ = {isa = PBXFileReference; fileEncoding = 4; lastKnownFileType = sourcecode.c.h; path = ZBarSymbol.h; sourceTree = "<group>"; };
		A64E747A15C3BDAF003464FE /* libzbar.a */ = {isa = PBXFileReference; lastKnownFileType = archive.ar; path = libzbar.a; sourceTree = "<group>"; };
		A64E747C15C3BDAF003464FE /* zbar-back.png */ = {isa = PBXFileReference; lastKnownFileType = image.png; path = "zbar-back.png"; sourceTree = "<group>"; };
		A64E747D15C3BDAF003464FE /* zbar-help.html */ = {isa = PBXFileReference; fileEncoding = 4; lastKnownFileType = text.html; path = "zbar-help.html"; sourceTree = "<group>"; };
		A64E747E15C3BDAF003464FE /* zbar-helpicons.png */ = {isa = PBXFileReference; lastKnownFileType = image.png; path = "zbar-helpicons.png"; sourceTree = "<group>"; };
		A64E747F15C3BDAF003464FE /* zbar-samples.png */ = {isa = PBXFileReference; lastKnownFileType = image.png; path = "zbar-samples.png"; sourceTree = "<group>"; };
		A64E749915C3C1E5003464FE /* SFShelfBookView.h */ = {isa = PBXFileReference; fileEncoding = 4; lastKnownFileType = sourcecode.c.h; path = SFShelfBookView.h; sourceTree = "<group>"; };
		A64E749A15C3C1E5003464FE /* SFShelfBookView.m */ = {isa = PBXFileReference; fileEncoding = 4; lastKnownFileType = sourcecode.c.objc; path = SFShelfBookView.m; sourceTree = "<group>"; };
		A64E749C15C3C1FE003464FE /* SFShelfRowView.h */ = {isa = PBXFileReference; fileEncoding = 4; lastKnownFileType = sourcecode.c.h; path = SFShelfRowView.h; sourceTree = "<group>"; };
		A64E749D15C3C1FE003464FE /* SFShelfRowView.m */ = {isa = PBXFileReference; fileEncoding = 4; lastKnownFileType = sourcecode.c.objc; path = SFShelfRowView.m; sourceTree = "<group>"; };
		A64E749F15C3C437003464FE /* checkmark.png */ = {isa = PBXFileReference; lastKnownFileType = image.png; path = checkmark.png; sourceTree = "<group>"; };
		A64E74A015C3C437003464FE /* checkmark@2x.png */ = {isa = PBXFileReference; lastKnownFileType = image.png; path = "checkmark@2x.png"; sourceTree = "<group>"; };
		A64E74A315C3D1E7003464FE /* navbarbg.png */ = {isa = PBXFileReference; lastKnownFileType = image.png; path = navbarbg.png; sourceTree = "<group>"; };
		A64E74A415C3D1E7003464FE /* navbarbg@2x.png */ = {isa = PBXFileReference; lastKnownFileType = image.png; path = "navbarbg@2x.png"; sourceTree = "<group>"; };
		A64E74A515C3D1E7003464FE /* toolbarbg.png */ = {isa = PBXFileReference; lastKnownFileType = image.png; path = toolbarbg.png; sourceTree = "<group>"; };
		A64E74A615C3D1E7003464FE /* toolbarbg@2x.png */ = {isa = PBXFileReference; lastKnownFileType = image.png; path = "toolbarbg@2x.png"; sourceTree = "<group>"; };
		A64E74AB15C3D6E3003464FE /* shelfbg.png */ = {isa = PBXFileReference; lastKnownFileType = image.png; path = shelfbg.png; sourceTree = "<group>"; };
		A64E74AC15C3D6E3003464FE /* shelfbg@2x.png */ = {isa = PBXFileReference; lastKnownFileType = image.png; path = "shelfbg@2x.png"; sourceTree = "<group>"; };
		A64E74AF15C3D720003464FE /* barbg.png */ = {isa = PBXFileReference; lastKnownFileType = image.png; path = barbg.png; sourceTree = "<group>"; };
		A64E74B015C3D720003464FE /* barbg@2x.png */ = {isa = PBXFileReference; lastKnownFileType = image.png; path = "barbg@2x.png"; sourceTree = "<group>"; };
		A64E74B415C3E3CC003464FE /* book.png */ = {isa = PBXFileReference; lastKnownFileType = image.png; path = book.png; sourceTree = "<group>"; };
		A64E74B515C3E3CC003464FE /* book@2x.png */ = {isa = PBXFileReference; lastKnownFileType = image.png; path = "book@2x.png"; sourceTree = "<group>"; };
		A64E74B815C41328003464FE /* icon57x57.png */ = {isa = PBXFileReference; lastKnownFileType = image.png; name = icon57x57.png; path = ../icon57x57.png; sourceTree = "<group>"; };
		A64E74BA15C41354003464FE /* icon57x57x@2x.png */ = {isa = PBXFileReference; lastKnownFileType = image.png; name = "icon57x57x@2x.png"; path = "../icon57x57x@2x.png"; sourceTree = "<group>"; };
		A64E74BC15C41519003464FE /* Default.png */ = {isa = PBXFileReference; lastKnownFileType = image.png; name = Default.png; path = ../Default.png; sourceTree = "<group>"; };
		A64E74BE15C4151B003464FE /* Default@2x.png */ = {isa = PBXFileReference; lastKnownFileType = image.png; name = "Default@2x.png"; path = "../Default@2x.png"; sourceTree = "<group>"; };
		A685A2B915BC36E3000A1AD5 /* libiconv.dylib */ = {isa = PBXFileReference; lastKnownFileType = "compiled.mach-o.dylib"; name = libiconv.dylib; path = usr/lib/libiconv.dylib; sourceTree = SDKROOT; };
		A6A4A9A915CEBBC9007EFB0E /* SFEditableCell.h */ = {isa = PBXFileReference; fileEncoding = 4; lastKnownFileType = sourcecode.c.h; path = SFEditableCell.h; sourceTree = "<group>"; };
		A6A4A9AA15CEBBC9007EFB0E /* SFEditableCell.m */ = {isa = PBXFileReference; fileEncoding = 4; lastKnownFileType = sourcecode.c.objc; path = SFEditableCell.m; sourceTree = "<group>"; };
		A6A4A9B415CECC51007EFB0E /* SFTextFieldInTableView.h */ = {isa = PBXFileReference; fileEncoding = 4; lastKnownFileType = sourcecode.c.h; path = SFTextFieldInTableView.h; sourceTree = "<group>"; };
		A6A4A9B515CECC51007EFB0E /* SFTextFieldInTableView.m */ = {isa = PBXFileReference; fileEncoding = 4; lastKnownFileType = sourcecode.c.objc; path = SFTextFieldInTableView.m; sourceTree = "<group>"; };
		A6A9CB1A15BC274600C02AD5 /* SFShelfViewController.h */ = {isa = PBXFileReference; fileEncoding = 4; lastKnownFileType = sourcecode.c.h; path = SFShelfViewController.h; sourceTree = "<group>"; };
		A6A9CB1B15BC274600C02AD5 /* SFShelfViewController.m */ = {isa = PBXFileReference; fileEncoding = 4; lastKnownFileType = sourcecode.c.objc; path = SFShelfViewController.m; sourceTree = "<group>"; };
		A6A9CB2D15BC31EE00C02AD5 /* Sheffle.xcdatamodel */ = {isa = PBXFileReference; lastKnownFileType = wrapper.xcdatamodel; path = Sheffle.xcdatamodel; sourceTree = "<group>"; };
		A6B9987F15B98D1100D0919C /* Sheffle.app */ = {isa = PBXFileReference; explicitFileType = wrapper.application; includeInIndex = 0; path = Sheffle.app; sourceTree = BUILT_PRODUCTS_DIR; };
		A6B9988315B98D1100D0919C /* UIKit.framework */ = {isa = PBXFileReference; lastKnownFileType = wrapper.framework; name = UIKit.framework; path = System/Library/Frameworks/UIKit.framework; sourceTree = SDKROOT; };
		A6B9988515B98D1100D0919C /* Foundation.framework */ = {isa = PBXFileReference; lastKnownFileType = wrapper.framework; name = Foundation.framework; path = System/Library/Frameworks/Foundation.framework; sourceTree = SDKROOT; };
		A6B9988715B98D1200D0919C /* CoreGraphics.framework */ = {isa = PBXFileReference; lastKnownFileType = wrapper.framework; name = CoreGraphics.framework; path = System/Library/Frameworks/CoreGraphics.framework; sourceTree = SDKROOT; };
		A6B9988B15B98D1200D0919C /* Sheffle-Info.plist */ = {isa = PBXFileReference; lastKnownFileType = text.plist.xml; path = "Sheffle-Info.plist"; sourceTree = "<group>"; };
		A6B9988D15B98D1200D0919C /* en */ = {isa = PBXFileReference; lastKnownFileType = text.plist.strings; name = en; path = en.lproj/InfoPlist.strings; sourceTree = "<group>"; };
		A6B9988F15B98D1200D0919C /* main.m */ = {isa = PBXFileReference; lastKnownFileType = sourcecode.c.objc; path = main.m; sourceTree = "<group>"; };
		A6B9989115B98D1200D0919C /* Sheffle-Prefix.pch */ = {isa = PBXFileReference; lastKnownFileType = sourcecode.c.h; path = "Sheffle-Prefix.pch"; sourceTree = "<group>"; };
		A6B9989215B98D1200D0919C /* SFAppDelegate.h */ = {isa = PBXFileReference; lastKnownFileType = sourcecode.c.h; path = SFAppDelegate.h; sourceTree = "<group>"; };
		A6B9989315B98D1200D0919C /* SFAppDelegate.m */ = {isa = PBXFileReference; lastKnownFileType = sourcecode.c.objc; path = SFAppDelegate.m; sourceTree = "<group>"; };
		A6B9989615B98D1200D0919C /* en */ = {isa = PBXFileReference; lastKnownFileType = file.storyboard; name = en; path = en.lproj/MainStoryboard_iPhone.storyboard; sourceTree = "<group>"; };
		A6B998AB15B98D1200D0919C /* SheffleTests.octest */ = {isa = PBXFileReference; explicitFileType = wrapper.cfbundle; includeInIndex = 0; path = SheffleTests.octest; sourceTree = BUILT_PRODUCTS_DIR; };
		A6B998AC15B98D1200D0919C /* SenTestingKit.framework */ = {isa = PBXFileReference; lastKnownFileType = wrapper.framework; name = SenTestingKit.framework; path = Library/Frameworks/SenTestingKit.framework; sourceTree = DEVELOPER_DIR; };
		A6B998B415B98D1200D0919C /* SheffleTests-Info.plist */ = {isa = PBXFileReference; lastKnownFileType = text.plist.xml; path = "SheffleTests-Info.plist"; sourceTree = "<group>"; };
		A6B998B615B98D1200D0919C /* en */ = {isa = PBXFileReference; lastKnownFileType = text.plist.strings; name = en; path = en.lproj/InfoPlist.strings; sourceTree = "<group>"; };
		A6B998B815B98D1200D0919C /* SheffleTests.h */ = {isa = PBXFileReference; lastKnownFileType = sourcecode.c.h; path = SheffleTests.h; sourceTree = "<group>"; };
		A6B998B915B98D1200D0919C /* SheffleTests.m */ = {isa = PBXFileReference; lastKnownFileType = sourcecode.c.objc; path = SheffleTests.m; sourceTree = "<group>"; };
		A6B998C715B993BC00D0919C /* CoreData.framework */ = {isa = PBXFileReference; lastKnownFileType = wrapper.framework; name = CoreData.framework; path = System/Library/Frameworks/CoreData.framework; sourceTree = SDKROOT; };
		A6B998F015B9956900D0919C /* AVFoundation.framework */ = {isa = PBXFileReference; lastKnownFileType = wrapper.framework; name = AVFoundation.framework; path = System/Library/Frameworks/AVFoundation.framework; sourceTree = SDKROOT; };
		A6B998F215B9957500D0919C /* CoreVideo.framework */ = {isa = PBXFileReference; lastKnownFileType = wrapper.framework; name = CoreVideo.framework; path = System/Library/Frameworks/CoreVideo.framework; sourceTree = SDKROOT; };
		A6B998F615B9958800D0919C /* QuartzCore.framework */ = {isa = PBXFileReference; lastKnownFileType = wrapper.framework; name = QuartzCore.framework; path = System/Library/Frameworks/QuartzCore.framework; sourceTree = SDKROOT; };
		A6B998F815B995A500D0919C /* CoreMedia.framework */ = {isa = PBXFileReference; lastKnownFileType = wrapper.framework; name = CoreMedia.framework; path = System/Library/Frameworks/CoreMedia.framework; sourceTree = SDKROOT; };
		A6D0916815C5A07400B128C8 /* SFBook.h */ = {isa = PBXFileReference; fileEncoding = 4; lastKnownFileType = sourcecode.c.h; name = SFBook.h; path = Sheffle/SFBook.h; sourceTree = "<group>"; };
		A6D0916915C5A07400B128C8 /* SFBook.m */ = {isa = PBXFileReference; fileEncoding = 4; lastKnownFileType = sourcecode.c.objc; name = SFBook.m; path = Sheffle/SFBook.m; sourceTree = "<group>"; };
		A6D0917015C5B0A400B128C8 /* SFBookViewController.h */ = {isa = PBXFileReference; fileEncoding = 4; lastKnownFileType = sourcecode.c.h; path = SFBookViewController.h; sourceTree = "<group>"; };
		A6D0917115C5B0A400B128C8 /* SFBookViewController.m */ = {isa = PBXFileReference; fileEncoding = 4; lastKnownFileType = sourcecode.c.objc; path = SFBookViewController.m; sourceTree = "<group>"; };
		A6F55B5315D69E3700500E2B /* TDBadgedCell.h */ = {isa = PBXFileReference; fileEncoding = 4; lastKnownFileType = sourcecode.c.h; path = TDBadgedCell.h; sourceTree = "<group>"; };
		A6F55B5415D69E3700500E2B /* TDBadgedCell.m */ = {isa = PBXFileReference; fileEncoding = 4; lastKnownFileType = sourcecode.c.objc; path = TDBadgedCell.m; sourceTree = "<group>"; };
		A6F5CD4915CE613E00AEC20C /* SFShelf+SortedBooks.h */ = {isa = PBXFileReference; fileEncoding = 4; lastKnownFileType = sourcecode.c.h; name = "SFShelf+SortedBooks.h"; path = "Sheffle/SFShelf+SortedBooks.h"; sourceTree = "<group>"; };
		A6F5CD4A15CE613E00AEC20C /* SFShelf+SortedBooks.m */ = {isa = PBXFileReference; fileEncoding = 4; lastKnownFileType = sourcecode.c.objc; name = "SFShelf+SortedBooks.m"; path = "Sheffle/SFShelf+SortedBooks.m"; sourceTree = "<group>"; };
		A6F5CD4C15CE62BB00AEC20C /* SFShelvesViewController.h */ = {isa = PBXFileReference; fileEncoding = 4; lastKnownFileType = sourcecode.c.h; path = SFShelvesViewController.h; sourceTree = "<group>"; };
		A6F5CD4D15CE62BB00AEC20C /* SFShelvesViewController.m */ = {isa = PBXFileReference; fileEncoding = 4; lastKnownFileType = sourcecode.c.objc; path = SFShelvesViewController.m; sourceTree = "<group>"; };
/* End PBXFileReference section */

/* Begin PBXFrameworksBuildPhase section */
		A6B9987C15B98D1100D0919C /* Frameworks */ = {
			isa = PBXFrameworksBuildPhase;
			buildActionMask = 2147483647;
			files = (
				A685A2BC15BC370C000A1AD5 /* libiconv.dylib in Frameworks */,
				A6B998C815B993BC00D0919C /* CoreData.framework in Frameworks */,
				A6B998F915B995A500D0919C /* CoreMedia.framework in Frameworks */,
				A6B998F715B9958800D0919C /* QuartzCore.framework in Frameworks */,
				A6B998F315B9957500D0919C /* CoreVideo.framework in Frameworks */,
				A6B998F115B9956900D0919C /* AVFoundation.framework in Frameworks */,
				A6B9988415B98D1100D0919C /* UIKit.framework in Frameworks */,
				A6B9988615B98D1200D0919C /* Foundation.framework in Frameworks */,
				A6B9988815B98D1200D0919C /* CoreGraphics.framework in Frameworks */,
				A64E749315C3BDAF003464FE /* libzbar.a in Frameworks */,
			);
			runOnlyForDeploymentPostprocessing = 0;
		};
		A6B998A715B98D1200D0919C /* Frameworks */ = {
			isa = PBXFrameworksBuildPhase;
			buildActionMask = 2147483647;
			files = (
				A6B998AD15B98D1200D0919C /* SenTestingKit.framework in Frameworks */,
				A6B998AE15B98D1200D0919C /* UIKit.framework in Frameworks */,
				A6B998AF15B98D1200D0919C /* Foundation.framework in Frameworks */,
			);
			runOnlyForDeploymentPostprocessing = 0;
		};
/* End PBXFrameworksBuildPhase section */

/* Begin PBXGroup section */
		A64E743615C3BDAF003464FE /* GSBookShelf */ = {
			isa = PBXGroup;
			children = (
				A64E743715C3BDAF003464FE /* GSBookShelfCell.h */,
				A64E743815C3BDAF003464FE /* GSBookShelfView.h */,
				A64E743915C3BDAF003464FE /* GSBookShelfView.m */,
				A64E743A15C3BDAF003464FE /* GSBookView.h */,
				A64E743B15C3BDAF003464FE /* GSBookViewContainerView.h */,
				A64E743C15C3BDAF003464FE /* GSBookViewContainerView.m */,
				A64E743D15C3BDAF003464FE /* GSCellContainerView.h */,
				A64E743E15C3BDAF003464FE /* GSCellContainerView.m */,
				A64E743F15C3BDAF003464FE /* NSMutableArray+Rearrange.h */,
				A64E744015C3BDAF003464FE /* NSMutableArray+Rearrange.m */,
			);
			name = GSBookShelf;
			path = Sheffle/GSBookShelf;
			sourceTree = "<group>";
		};
		A64E744115C3BDAF003464FE /* R9HTTPRequest */ = {
			isa = PBXGroup;
			children = (
				A64E744215C3BDAF003464FE /* R9HTTPRequest.h */,
				A64E744315C3BDAF003464FE /* R9HTTPRequest.m */,
			);
			name = R9HTTPRequest;
			path = Sheffle/R9HTTPRequest;
			sourceTree = "<group>";
		};
		A64E744415C3BDAF003464FE /* SBJson */ = {
			isa = PBXGroup;
			children = (
				A64E744515C3BDAF003464FE /* NSObject+SBJson.h */,
				A64E744615C3BDAF003464FE /* NSObject+SBJson.m */,
				A64E744715C3BDAF003464FE /* SBJson.h */,
				A64E744815C3BDAF003464FE /* SBJsonParser.h */,
				A64E744915C3BDAF003464FE /* SBJsonParser.m */,
				A64E744A15C3BDAF003464FE /* SBJsonStreamParser.h */,
				A64E744B15C3BDAF003464FE /* SBJsonStreamParser.m */,
				A64E744C15C3BDAF003464FE /* SBJsonStreamParserAccumulator.h */,
				A64E744D15C3BDAF003464FE /* SBJsonStreamParserAccumulator.m */,
				A64E744E15C3BDAF003464FE /* SBJsonStreamParserAdapter.h */,
				A64E744F15C3BDAF003464FE /* SBJsonStreamParserAdapter.m */,
				A64E745015C3BDAF003464FE /* SBJsonStreamParserState.h */,
				A64E745115C3BDAF003464FE /* SBJsonStreamParserState.m */,
				A64E745215C3BDAF003464FE /* SBJsonStreamWriter.h */,
				A64E745315C3BDAF003464FE /* SBJsonStreamWriter.m */,
				A64E745415C3BDAF003464FE /* SBJsonStreamWriterAccumulator.h */,
				A64E745515C3BDAF003464FE /* SBJsonStreamWriterAccumulator.m */,
				A64E745615C3BDAF003464FE /* SBJsonStreamWriterState.h */,
				A64E745715C3BDAF003464FE /* SBJsonStreamWriterState.m */,
				A64E745815C3BDAF003464FE /* SBJsonTokeniser.h */,
				A64E745915C3BDAF003464FE /* SBJsonTokeniser.m */,
				A64E745A15C3BDAF003464FE /* SBJsonUTF8Stream.h */,
				A64E745B15C3BDAF003464FE /* SBJsonUTF8Stream.m */,
				A64E745C15C3BDAF003464FE /* SBJsonWriter.h */,
				A64E745D15C3BDAF003464FE /* SBJsonWriter.m */,
			);
			name = SBJson;
			path = Sheffle/SBJson;
			sourceTree = "<group>";
		};
		A64E745E15C3BDAF003464FE /* SVProgressHUD */ = {
			isa = PBXGroup;
			children = (
				A64E745F15C3BDAF003464FE /* SVProgressHUD.bundle */,
				A64E746015C3BDAF003464FE /* SVProgressHUD.h */,
				A64E746115C3BDAF003464FE /* SVProgressHUD.m */,
			);
			name = SVProgressHUD;
			path = Sheffle/SVProgressHUD;
			sourceTree = "<group>";
		};
		A64E746215C3BDAF003464FE /* ZBarSDK */ = {
			isa = PBXGroup;
			children = (
				A64E746315C3BDAF003464FE /* Headers */,
				A64E747A15C3BDAF003464FE /* libzbar.a */,
				A64E747B15C3BDAF003464FE /* Resources */,
			);
			name = ZBarSDK;
			path = Sheffle/ZBarSDK;
			sourceTree = "<group>";
		};
		A64E746315C3BDAF003464FE /* Headers */ = {
			isa = PBXGroup;
			children = (
				A64E746415C3BDAF003464FE /* ZBarSDK */,
			);
			path = Headers;
			sourceTree = "<group>";
		};
		A64E746415C3BDAF003464FE /* ZBarSDK */ = {
			isa = PBXGroup;
			children = (
				A64E746515C3BDAF003464FE /* zbar */,
				A64E746F15C3BDAF003464FE /* zbar.h */,
				A64E747015C3BDAF003464FE /* ZBarCameraSimulator.h */,
				A64E747115C3BDAF003464FE /* ZBarCaptureReader.h */,
				A64E747215C3BDAF003464FE /* ZBarHelpController.h */,
				A64E747315C3BDAF003464FE /* ZBarImage.h */,
				A64E747415C3BDAF003464FE /* ZBarImageScanner.h */,
				A64E747515C3BDAF003464FE /* ZBarReaderController.h */,
				A64E747615C3BDAF003464FE /* ZBarReaderView.h */,
				A64E747715C3BDAF003464FE /* ZBarReaderViewController.h */,
				A64E747815C3BDAF003464FE /* ZBarSDK.h */,
				A64E747915C3BDAF003464FE /* ZBarSymbol.h */,
			);
			path = ZBarSDK;
			sourceTree = "<group>";
		};
		A64E746515C3BDAF003464FE /* zbar */ = {
			isa = PBXGroup;
			children = (
				A64E746615C3BDAF003464FE /* Decoder.h */,
				A64E746715C3BDAF003464FE /* Exception.h */,
				A64E746815C3BDAF003464FE /* Image.h */,
				A64E746915C3BDAF003464FE /* ImageScanner.h */,
				A64E746A15C3BDAF003464FE /* Processor.h */,
				A64E746B15C3BDAF003464FE /* Scanner.h */,
				A64E746C15C3BDAF003464FE /* Symbol.h */,
				A64E746D15C3BDAF003464FE /* Video.h */,
				A64E746E15C3BDAF003464FE /* Window.h */,
			);
			path = zbar;
			sourceTree = "<group>";
		};
		A64E747B15C3BDAF003464FE /* Resources */ = {
			isa = PBXGroup;
			children = (
				A64E747C15C3BDAF003464FE /* zbar-back.png */,
				A64E747D15C3BDAF003464FE /* zbar-help.html */,
				A64E747E15C3BDAF003464FE /* zbar-helpicons.png */,
				A64E747F15C3BDAF003464FE /* zbar-samples.png */,
			);
			path = Resources;
			sourceTree = "<group>";
		};
		A64E749815C3C0CC003464FE /* ShelfView */ = {
			isa = PBXGroup;
			children = (
				A6A9CB1A15BC274600C02AD5 /* SFShelfViewController.h */,
				A6A9CB1B15BC274600C02AD5 /* SFShelfViewController.m */,
				A6408C6415BDCDDD001AF716 /* SFTableShelfViewController.h */,
				A6408C6515BDCDDD001AF716 /* SFTableShelfViewController.m */,
				A64E733C15C3B922003464FE /* SFGridShelfViewController.h */,
				A64E733D15C3B922003464FE /* SFGridShelfViewController.m */,
			);
			name = ShelfView;
			sourceTree = "<group>";
		};
		A64E74B315C3D7FD003464FE /* BookView */ = {
			isa = PBXGroup;
			children = (
				A6D0917015C5B0A400B128C8 /* SFBookViewController.h */,
				A6D0917115C5B0A400B128C8 /* SFBookViewController.m */,
			);
			name = BookView;
			sourceTree = "<group>";
		};
		A685A2ED15BC3CDE000A1AD5 /* Libraries */ = {
			isa = PBXGroup;
			children = (
				A6F55B5215D69E3700500E2B /* TDBadgedCell */,
				A64E743615C3BDAF003464FE /* GSBookShelf */,
				A64E744115C3BDAF003464FE /* R9HTTPRequest */,
				A64E744415C3BDAF003464FE /* SBJson */,
				A64E745E15C3BDAF003464FE /* SVProgressHUD */,
				A64E746215C3BDAF003464FE /* ZBarSDK */,
			);
			name = Libraries;
			sourceTree = "<group>";
		};
		A6A9CB1715BC25FE00C02AD5 /* Resources */ = {
			isa = PBXGroup;
			children = (
				A64E74BE15C4151B003464FE /* Default@2x.png */,
				A64E74BC15C41519003464FE /* Default.png */,
				A64E74BA15C41354003464FE /* icon57x57x@2x.png */,
				A64E74B815C41328003464FE /* icon57x57.png */,
				A64E74B415C3E3CC003464FE /* book.png */,
				A64E74B515C3E3CC003464FE /* book@2x.png */,
				A64E74AF15C3D720003464FE /* barbg.png */,
				A64E74B015C3D720003464FE /* barbg@2x.png */,
				A64E74AB15C3D6E3003464FE /* shelfbg.png */,
				A64E74AC15C3D6E3003464FE /* shelfbg@2x.png */,
				A64E74A315C3D1E7003464FE /* navbarbg.png */,
				A64E74A415C3D1E7003464FE /* navbarbg@2x.png */,
				A64E74A515C3D1E7003464FE /* toolbarbg.png */,
				A64E74A615C3D1E7003464FE /* toolbarbg@2x.png */,
				A64E749F15C3C437003464FE /* checkmark.png */,
				A64E74A015C3C437003464FE /* checkmark@2x.png */,
			);
			name = Resources;
			sourceTree = "<group>";
		};
		A6A9CB1815BC260A00C02AD5 /* Views */ = {
			isa = PBXGroup;
			children = (
				A6A4A9A915CEBBC9007EFB0E /* SFEditableCell.h */,
				A6A4A9AA15CEBBC9007EFB0E /* SFEditableCell.m */,
				A6A4A9B415CECC51007EFB0E /* SFTextFieldInTableView.h */,
				A6A4A9B515CECC51007EFB0E /* SFTextFieldInTableView.m */,
				A6B9989515B98D1200D0919C /* MainStoryboard_iPhone.storyboard */,
				A64E749915C3C1E5003464FE /* SFShelfBookView.h */,
				A64E749A15C3C1E5003464FE /* SFShelfBookView.m */,
				A64E749C15C3C1FE003464FE /* SFShelfRowView.h */,
				A64E749D15C3C1FE003464FE /* SFShelfRowView.m */,
			);
			name = Views;
			sourceTree = "<group>";
		};
		A6A9CB1915BC261900C02AD5 /* Controllers */ = {
			isa = PBXGroup;
			children = (
				A6F5CD4F15CE641700AEC20C /* ShelvesView */,
				A64E749815C3C0CC003464FE /* ShelfView */,
				A64E74B315C3D7FD003464FE /* BookView */,
				A6B9989215B98D1200D0919C /* SFAppDelegate.h */,
				A6B9989315B98D1200D0919C /* SFAppDelegate.m */,
			);
			name = Controllers;
			sourceTree = "<group>";
		};
		A6A9CB2515BC2A2200C02AD5 /* Models */ = {
			isa = PBXGroup;
			children = (
				A64E732C15C3ABD7003464FE /* SFShelf.h */,
				A64E732D15C3ABD7003464FE /* SFShelf.m */,
				A6F5CD4915CE613E00AEC20C /* SFShelf+SortedBooks.h */,
				A6F5CD4A15CE613E00AEC20C /* SFShelf+SortedBooks.m */,
				A6A9CB2C15BC31EE00C02AD5 /* Sheffle.xcdatamodeld */,
				A6D0916815C5A07400B128C8 /* SFBook.h */,
				A6D0916915C5A07400B128C8 /* SFBook.m */,
				A62A41EB15C0611400959355 /* SFCoreDataManager.h */,
				A62A41EC15C0611500959355 /* SFCoreDataManager.m */,
			);
			name = Models;
			path = ..;
			sourceTree = "<group>";
		};
		A6B9987415B98D1100D0919C = {
			isa = PBXGroup;
			children = (
				A685A2ED15BC3CDE000A1AD5 /* Libraries */,
				A6B9988915B98D1200D0919C /* Sheffle */,
				A6B998B215B98D1200D0919C /* SheffleTests */,
				A6B9988215B98D1100D0919C /* Frameworks */,
				A6B9988015B98D1100D0919C /* Products */,
			);
			sourceTree = "<group>";
		};
		A6B9988015B98D1100D0919C /* Products */ = {
			isa = PBXGroup;
			children = (
				A6B9987F15B98D1100D0919C /* Sheffle.app */,
				A6B998AB15B98D1200D0919C /* SheffleTests.octest */,
			);
			name = Products;
			sourceTree = "<group>";
		};
		A6B9988215B98D1100D0919C /* Frameworks */ = {
			isa = PBXGroup;
			children = (
				A685A2B915BC36E3000A1AD5 /* libiconv.dylib */,
				A6B998F815B995A500D0919C /* CoreMedia.framework */,
				A6B998F615B9958800D0919C /* QuartzCore.framework */,
				A6B998F215B9957500D0919C /* CoreVideo.framework */,
				A6B998F015B9956900D0919C /* AVFoundation.framework */,
				A6B998C715B993BC00D0919C /* CoreData.framework */,
				A6B9988315B98D1100D0919C /* UIKit.framework */,
				A6B9988515B98D1100D0919C /* Foundation.framework */,
				A6B9988715B98D1200D0919C /* CoreGraphics.framework */,
				A6B998AC15B98D1200D0919C /* SenTestingKit.framework */,
			);
			name = Frameworks;
			sourceTree = "<group>";
		};
		A6B9988915B98D1200D0919C /* Sheffle */ = {
			isa = PBXGroup;
			children = (
				A6A9CB2515BC2A2200C02AD5 /* Models */,
				A6A9CB1915BC261900C02AD5 /* Controllers */,
				A6A9CB1815BC260A00C02AD5 /* Views */,
				A6A9CB1715BC25FE00C02AD5 /* Resources */,
				A6B9988A15B98D1200D0919C /* Supporting Files */,
			);
			path = Sheffle;
			sourceTree = "<group>";
		};
		A6B9988A15B98D1200D0919C /* Supporting Files */ = {
			isa = PBXGroup;
			children = (
				A6B9988F15B98D1200D0919C /* main.m */,
				A6B9989115B98D1200D0919C /* Sheffle-Prefix.pch */,
				A6B9988B15B98D1200D0919C /* Sheffle-Info.plist */,
				A6B9988C15B98D1200D0919C /* InfoPlist.strings */,
			);
			name = "Supporting Files";
			sourceTree = "<group>";
		};
		A6B998B215B98D1200D0919C /* SheffleTests */ = {
			isa = PBXGroup;
			children = (
				A6B998B815B98D1200D0919C /* SheffleTests.h */,
				A6B998B915B98D1200D0919C /* SheffleTests.m */,
				A6B998B315B98D1200D0919C /* Supporting Files */,
			);
			path = SheffleTests;
			sourceTree = "<group>";
		};
		A6B998B315B98D1200D0919C /* Supporting Files */ = {
			isa = PBXGroup;
			children = (
				A6B998B415B98D1200D0919C /* SheffleTests-Info.plist */,
				A6B998B515B98D1200D0919C /* InfoPlist.strings */,
			);
			name = "Supporting Files";
			sourceTree = "<group>";
		};
		A6F55B5215D69E3700500E2B /* TDBadgedCell */ = {
			isa = PBXGroup;
			children = (
				A6F55B5315D69E3700500E2B /* TDBadgedCell.h */,
				A6F55B5415D69E3700500E2B /* TDBadgedCell.m */,
			);
			name = TDBadgedCell;
			path = Sheffle/TDBadgedCell;
			sourceTree = "<group>";
		};
		A6F5CD4F15CE641700AEC20C /* ShelvesView */ = {
			isa = PBXGroup;
			children = (
				A6F5CD4C15CE62BB00AEC20C /* SFShelvesViewController.h */,
				A6F5CD4D15CE62BB00AEC20C /* SFShelvesViewController.m */,
			);
			name = ShelvesView;
			sourceTree = "<group>";
		};
/* End PBXGroup section */

/* Begin PBXNativeTarget section */
		A6B9987E15B98D1100D0919C /* Sheffle */ = {
			isa = PBXNativeTarget;
			buildConfigurationList = A6B998BD15B98D1200D0919C /* Build configuration list for PBXNativeTarget "Sheffle" */;
			buildPhases = (
				A6B9987B15B98D1100D0919C /* Sources */,
				A6B9987C15B98D1100D0919C /* Frameworks */,
				A6B9987D15B98D1100D0919C /* Resources */,
			);
			buildRules = (
			);
			dependencies = (
			);
			name = Sheffle;
			productName = Sheffle;
			productReference = A6B9987F15B98D1100D0919C /* Sheffle.app */;
			productType = "com.apple.product-type.application";
		};
		A6B998AA15B98D1200D0919C /* SheffleTests */ = {
			isa = PBXNativeTarget;
			buildConfigurationList = A6B998C015B98D1200D0919C /* Build configuration list for PBXNativeTarget "SheffleTests" */;
			buildPhases = (
				A6B998A615B98D1200D0919C /* Sources */,
				A6B998A715B98D1200D0919C /* Frameworks */,
				A6B998A815B98D1200D0919C /* Resources */,
				A6B998A915B98D1200D0919C /* ShellScript */,
			);
			buildRules = (
			);
			dependencies = (
				A6B998B115B98D1200D0919C /* PBXTargetDependency */,
			);
			name = SheffleTests;
			productName = SheffleTests;
			productReference = A6B998AB15B98D1200D0919C /* SheffleTests.octest */;
			productType = "com.apple.product-type.bundle";
		};
/* End PBXNativeTarget section */

/* Begin PBXProject section */
		A6B9987615B98D1100D0919C /* Project object */ = {
			isa = PBXProject;
			attributes = {
				CLASSPREFIX = SF;
				LastUpgradeCheck = 0430;
				ORGANIZATIONNAME = "Kaeru Lab";
			};
			buildConfigurationList = A6B9987915B98D1100D0919C /* Build configuration list for PBXProject "Sheffle" */;
			compatibilityVersion = "Xcode 3.2";
			developmentRegion = English;
			hasScannedForEncodings = 0;
			knownRegions = (
				en,
			);
			mainGroup = A6B9987415B98D1100D0919C;
			productRefGroup = A6B9988015B98D1100D0919C /* Products */;
			projectDirPath = "";
			projectRoot = "";
			targets = (
				A6B9987E15B98D1100D0919C /* Sheffle */,
				A6B998AA15B98D1200D0919C /* SheffleTests */,
			);
		};
/* End PBXProject section */

/* Begin PBXResourcesBuildPhase section */
		A6B9987D15B98D1100D0919C /* Resources */ = {
			isa = PBXResourcesBuildPhase;
			buildActionMask = 2147483647;
			files = (
				A6B9988E15B98D1200D0919C /* InfoPlist.strings in Resources */,
				A6B9989715B98D1200D0919C /* MainStoryboard_iPhone.storyboard in Resources */,
				A64E749115C3BDAF003464FE /* SVProgressHUD.bundle in Resources */,
				A64E749415C3BDAF003464FE /* zbar-back.png in Resources */,
				A64E749515C3BDAF003464FE /* zbar-help.html in Resources */,
				A64E749615C3BDAF003464FE /* zbar-helpicons.png in Resources */,
				A64E749715C3BDAF003464FE /* zbar-samples.png in Resources */,
				A64E74A115C3C437003464FE /* checkmark.png in Resources */,
				A64E74A215C3C437003464FE /* checkmark@2x.png in Resources */,
				A64E74A715C3D1E7003464FE /* navbarbg.png in Resources */,
				A64E74A815C3D1E7003464FE /* navbarbg@2x.png in Resources */,
				A64E74A915C3D1E7003464FE /* toolbarbg.png in Resources */,
				A64E74AA15C3D1E7003464FE /* toolbarbg@2x.png in Resources */,
				A64E74AD15C3D6E3003464FE /* shelfbg.png in Resources */,
				A64E74AE15C3D6E3003464FE /* shelfbg@2x.png in Resources */,
				A64E74B115C3D720003464FE /* barbg.png in Resources */,
				A64E74B215C3D720003464FE /* barbg@2x.png in Resources */,
				A64E74B615C3E3CC003464FE /* book.png in Resources */,
				A64E74B715C3E3CC003464FE /* book@2x.png in Resources */,
				A64E74B915C41329003464FE /* icon57x57.png in Resources */,
				A64E74BB15C41354003464FE /* icon57x57x@2x.png in Resources */,
				A64E74BD15C41519003464FE /* Default.png in Resources */,
				A64E74BF15C4151B003464FE /* Default@2x.png in Resources */,
			);
			runOnlyForDeploymentPostprocessing = 0;
		};
		A6B998A815B98D1200D0919C /* Resources */ = {
			isa = PBXResourcesBuildPhase;
			buildActionMask = 2147483647;
			files = (
				A6B998B715B98D1200D0919C /* InfoPlist.strings in Resources */,
			);
			runOnlyForDeploymentPostprocessing = 0;
		};
/* End PBXResourcesBuildPhase section */

/* Begin PBXShellScriptBuildPhase section */
		A6B998A915B98D1200D0919C /* ShellScript */ = {
			isa = PBXShellScriptBuildPhase;
			buildActionMask = 2147483647;
			files = (
			);
			inputPaths = (
			);
			outputPaths = (
			);
			runOnlyForDeploymentPostprocessing = 0;
			shellPath = /bin/sh;
			shellScript = "# Run the unit tests in this test bundle.\n\"${SYSTEM_DEVELOPER_DIR}/Tools/RunUnitTests\"\n";
		};
/* End PBXShellScriptBuildPhase section */

/* Begin PBXSourcesBuildPhase section */
		A6B9987B15B98D1100D0919C /* Sources */ = {
			isa = PBXSourcesBuildPhase;
			buildActionMask = 2147483647;
			files = (
				A6B9989015B98D1200D0919C /* main.m in Sources */,
				A6B9989415B98D1200D0919C /* SFAppDelegate.m in Sources */,
				A6A9CB1C15BC274600C02AD5 /* SFShelfViewController.m in Sources */,
				A6A9CB3215BC31EE00C02AD5 /* Sheffle.xcdatamodeld in Sources */,
				A6408C6615BDCDDD001AF716 /* SFTableShelfViewController.m in Sources */,
				A62A41ED15C0611500959355 /* SFCoreDataManager.m in Sources */,
				A64E732E15C3ABD7003464FE /* SFShelf.m in Sources */,
				A64E733E15C3B922003464FE /* SFGridShelfViewController.m in Sources */,
				A64E748015C3BDAF003464FE /* GSBookShelfView.m in Sources */,
				A64E748115C3BDAF003464FE /* GSBookViewContainerView.m in Sources */,
				A64E748215C3BDAF003464FE /* GSCellContainerView.m in Sources */,
				A64E748315C3BDAF003464FE /* NSMutableArray+Rearrange.m in Sources */,
				A64E748415C3BDAF003464FE /* R9HTTPRequest.m in Sources */,
				A64E748515C3BDAF003464FE /* NSObject+SBJson.m in Sources */,
				A64E748615C3BDAF003464FE /* SBJsonParser.m in Sources */,
				A64E748715C3BDAF003464FE /* SBJsonStreamParser.m in Sources */,
				A64E748815C3BDAF003464FE /* SBJsonStreamParserAccumulator.m in Sources */,
				A64E748915C3BDAF003464FE /* SBJsonStreamParserAdapter.m in Sources */,
				A64E748A15C3BDAF003464FE /* SBJsonStreamParserState.m in Sources */,
				A64E748B15C3BDAF003464FE /* SBJsonStreamWriter.m in Sources */,
				A64E748C15C3BDAF003464FE /* SBJsonStreamWriterAccumulator.m in Sources */,
				A64E748D15C3BDAF003464FE /* SBJsonStreamWriterState.m in Sources */,
				A64E748E15C3BDAF003464FE /* SBJsonTokeniser.m in Sources */,
				A64E748F15C3BDAF003464FE /* SBJsonUTF8Stream.m in Sources */,
				A64E749015C3BDAF003464FE /* SBJsonWriter.m in Sources */,
				A64E749215C3BDAF003464FE /* SVProgressHUD.m in Sources */,
				A64E749B15C3C1E5003464FE /* SFShelfBookView.m in Sources */,
				A64E749E15C3C1FE003464FE /* SFShelfRowView.m in Sources */,
				A6D0916A15C5A07400B128C8 /* SFBook.m in Sources */,
				A6D0917315C5B0A400B128C8 /* SFBookViewController.m in Sources */,
				A6F5CD4B15CE613F00AEC20C /* SFShelf+SortedBooks.m in Sources */,
				A6F5CD4E15CE62BB00AEC20C /* SFShelvesViewController.m in Sources */,
				A6A4A9AB15CEBBC9007EFB0E /* SFEditableCell.m in Sources */,
				A6A4A9B615CECC51007EFB0E /* SFTextFieldInTableView.m in Sources */,
				A6F55B5515D69E3700500E2B /* TDBadgedCell.m in Sources */,
			);
			runOnlyForDeploymentPostprocessing = 0;
		};
		A6B998A615B98D1200D0919C /* Sources */ = {
			isa = PBXSourcesBuildPhase;
			buildActionMask = 2147483647;
			files = (
				A6B998BA15B98D1200D0919C /* SheffleTests.m in Sources */,
			);
			runOnlyForDeploymentPostprocessing = 0;
		};
/* End PBXSourcesBuildPhase section */

/* Begin PBXTargetDependency section */
		A6B998B115B98D1200D0919C /* PBXTargetDependency */ = {
			isa = PBXTargetDependency;
			target = A6B9987E15B98D1100D0919C /* Sheffle */;
			targetProxy = A6B998B015B98D1200D0919C /* PBXContainerItemProxy */;
		};
/* End PBXTargetDependency section */

/* Begin PBXVariantGroup section */
		A6B9988C15B98D1200D0919C /* InfoPlist.strings */ = {
			isa = PBXVariantGroup;
			children = (
				A6B9988D15B98D1200D0919C /* en */,
			);
			name = InfoPlist.strings;
			sourceTree = "<group>";
		};
		A6B9989515B98D1200D0919C /* MainStoryboard_iPhone.storyboard */ = {
			isa = PBXVariantGroup;
			children = (
				A6B9989615B98D1200D0919C /* en */,
			);
			name = MainStoryboard_iPhone.storyboard;
			sourceTree = "<group>";
		};
		A6B998B515B98D1200D0919C /* InfoPlist.strings */ = {
			isa = PBXVariantGroup;
			children = (
				A6B998B615B98D1200D0919C /* en */,
			);
			name = InfoPlist.strings;
			sourceTree = "<group>";
		};
/* End PBXVariantGroup section */

/* Begin XCBuildConfiguration section */
		A6B998BB15B98D1200D0919C /* Debug */ = {
			isa = XCBuildConfiguration;
			buildSettings = {
				ALWAYS_SEARCH_USER_PATHS = NO;
				ARCHS = "$(ARCHS_STANDARD_32_BIT)";
				CLANG_ENABLE_OBJC_ARC = YES;
				"CODE_SIGN_IDENTITY[sdk=iphoneos*]" = "iPhone Developer";
				COPY_PHASE_STRIP = NO;
				GCC_C_LANGUAGE_STANDARD = gnu99;
				GCC_DYNAMIC_NO_PIC = NO;
				GCC_OPTIMIZATION_LEVEL = 0;
				GCC_PREPROCESSOR_DEFINITIONS = (
					"DEBUG=1",
					"$(inherited)",
				);
				GCC_SYMBOLS_PRIVATE_EXTERN = NO;
				GCC_VERSION = com.apple.compilers.llvm.clang.1_0;
				GCC_WARN_ABOUT_RETURN_TYPE = YES;
				GCC_WARN_UNINITIALIZED_AUTOS = YES;
				GCC_WARN_UNUSED_VARIABLE = YES;
				IPHONEOS_DEPLOYMENT_TARGET = 5.1;
				SDKROOT = iphoneos;
			};
			name = Debug;
		};
		A6B998BC15B98D1200D0919C /* Release */ = {
			isa = XCBuildConfiguration;
			buildSettings = {
				ALWAYS_SEARCH_USER_PATHS = NO;
				ARCHS = "$(ARCHS_STANDARD_32_BIT)";
				CLANG_ENABLE_OBJC_ARC = YES;
				"CODE_SIGN_IDENTITY[sdk=iphoneos*]" = "iPhone Developer";
				COPY_PHASE_STRIP = YES;
				GCC_C_LANGUAGE_STANDARD = gnu99;
				GCC_VERSION = com.apple.compilers.llvm.clang.1_0;
				GCC_WARN_ABOUT_RETURN_TYPE = YES;
				GCC_WARN_UNINITIALIZED_AUTOS = YES;
				GCC_WARN_UNUSED_VARIABLE = YES;
				IPHONEOS_DEPLOYMENT_TARGET = 5.1;
				OTHER_CFLAGS = "-DNS_BLOCK_ASSERTIONS=1";
				SDKROOT = iphoneos;
				VALIDATE_PRODUCT = YES;
			};
			name = Release;
		};
		A6B998BE15B98D1200D0919C /* Debug */ = {
			isa = XCBuildConfiguration;
			buildSettings = {
				GCC_PRECOMPILE_PREFIX_HEADER = YES;
				GCC_PREFIX_HEADER = "Sheffle/Sheffle-Prefix.pch";
				INFOPLIST_FILE = "Sheffle/Sheffle-Info.plist";
				IPHONEOS_DEPLOYMENT_TARGET = 5.1;
				LIBRARY_SEARCH_PATHS = (
					"$(inherited)",
					"\"$(SRCROOT)/ZBarSDK\"",
					"\"$(SRCROOT)/Sheffle/ZBarSDK\"",
				);
				PRODUCT_NAME = "$(TARGET_NAME)";
				TARGETED_DEVICE_FAMILY = 1;
				WRAPPER_EXTENSION = app;
			};
			name = Debug;
		};
		A6B998BF15B98D1200D0919C /* Release */ = {
			isa = XCBuildConfiguration;
			buildSettings = {
				GCC_PRECOMPILE_PREFIX_HEADER = YES;
				GCC_PREFIX_HEADER = "Sheffle/Sheffle-Prefix.pch";
				INFOPLIST_FILE = "Sheffle/Sheffle-Info.plist";
				IPHONEOS_DEPLOYMENT_TARGET = 5.1;
				LIBRARY_SEARCH_PATHS = (
					"$(inherited)",
					"\"$(SRCROOT)/ZBarSDK\"",
					"\"$(SRCROOT)/Sheffle/ZBarSDK\"",
				);
				PRODUCT_NAME = "$(TARGET_NAME)";
				TARGETED_DEVICE_FAMILY = 1;
				WRAPPER_EXTENSION = app;
			};
			name = Release;
		};
		A6B998C115B98D1200D0919C /* Debug */ = {
			isa = XCBuildConfiguration;
			buildSettings = {
				BUNDLE_LOADER = "$(BUILT_PRODUCTS_DIR)/Sheffle.app/Sheffle";
				FRAMEWORK_SEARCH_PATHS = (
					"$(SDKROOT)/Developer/Library/Frameworks",
					"$(DEVELOPER_LIBRARY_DIR)/Frameworks",
				);
				GCC_PRECOMPILE_PREFIX_HEADER = YES;
				GCC_PREFIX_HEADER = "Sheffle/Sheffle-Prefix.pch";
				INFOPLIST_FILE = "SheffleTests/SheffleTests-Info.plist";
				PRODUCT_NAME = "$(TARGET_NAME)";
				TEST_HOST = "$(BUNDLE_LOADER)";
				WRAPPER_EXTENSION = octest;
			};
			name = Debug;
		};
		A6B998C215B98D1200D0919C /* Release */ = {
			isa = XCBuildConfiguration;
			buildSettings = {
				BUNDLE_LOADER = "$(BUILT_PRODUCTS_DIR)/Sheffle.app/Sheffle";
				FRAMEWORK_SEARCH_PATHS = (
					"$(SDKROOT)/Developer/Library/Frameworks",
					"$(DEVELOPER_LIBRARY_DIR)/Frameworks",
				);
				GCC_PRECOMPILE_PREFIX_HEADER = YES;
				GCC_PREFIX_HEADER = "Sheffle/Sheffle-Prefix.pch";
				INFOPLIST_FILE = "SheffleTests/SheffleTests-Info.plist";
				PRODUCT_NAME = "$(TARGET_NAME)";
				TEST_HOST = "$(BUNDLE_LOADER)";
				WRAPPER_EXTENSION = octest;
			};
			name = Release;
		};
/* End XCBuildConfiguration section */

/* Begin XCConfigurationList section */
		A6B9987915B98D1100D0919C /* Build configuration list for PBXProject "Sheffle" */ = {
			isa = XCConfigurationList;
			buildConfigurations = (
				A6B998BB15B98D1200D0919C /* Debug */,
				A6B998BC15B98D1200D0919C /* Release */,
			);
			defaultConfigurationIsVisible = 0;
			defaultConfigurationName = Release;
		};
		A6B998BD15B98D1200D0919C /* Build configuration list for PBXNativeTarget "Sheffle" */ = {
			isa = XCConfigurationList;
			buildConfigurations = (
				A6B998BE15B98D1200D0919C /* Debug */,
				A6B998BF15B98D1200D0919C /* Release */,
			);
			defaultConfigurationIsVisible = 0;
			defaultConfigurationName = Release;
		};
		A6B998C015B98D1200D0919C /* Build configuration list for PBXNativeTarget "SheffleTests" */ = {
			isa = XCConfigurationList;
			buildConfigurations = (
				A6B998C115B98D1200D0919C /* Debug */,
				A6B998C215B98D1200D0919C /* Release */,
			);
			defaultConfigurationIsVisible = 0;
			defaultConfigurationName = Release;
		};
/* End XCConfigurationList section */

/* Begin XCVersionGroup section */
		A6A9CB2C15BC31EE00C02AD5 /* Sheffle.xcdatamodeld */ = {
			isa = XCVersionGroup;
			children = (
				A6A9CB2D15BC31EE00C02AD5 /* Sheffle.xcdatamodel */,
			);
			currentVersion = A6A9CB2D15BC31EE00C02AD5 /* Sheffle.xcdatamodel */;
			name = Sheffle.xcdatamodeld;
			path = Sheffle/Sheffle.xcdatamodeld;
			sourceTree = "<group>";
			versionGroupType = wrapper.xcdatamodel;
		};
/* End XCVersionGroup section */
	};
	rootObject = A6B9987615B98D1100D0919C /* Project object */;
}
